// !$*UTF8*$!
{
	archiveVersion = 1;
	classes = {
	};
	objectVersion = 46;
	objects = {

/* Begin PBXBuildFile section */
		4609CC381AA974AF00D2E70D /* DataManager.swift in Sources */ = {isa = PBXBuildFile; fileRef = 4609CC371AA974AF00D2E70D /* DataManager.swift */; };
		4609CC3A1AA974E200D2E70D /* Configuration.swift in Sources */ = {isa = PBXBuildFile; fileRef = 4609CC391AA974E200D2E70D /* Configuration.swift */; };
		4609CC3C1AA9758A00D2E70D /* Parse.framework in Frameworks */ = {isa = PBXBuildFile; fileRef = 4609CC3B1AA9758A00D2E70D /* Parse.framework */; };
		4609CC3E1AA9759600D2E70D /* Bolts.framework in Frameworks */ = {isa = PBXBuildFile; fileRef = 4609CC3D1AA9759600D2E70D /* Bolts.framework */; };
		4609CC4A1AA9761100D2E70D /* AudioToolbox.framework in Frameworks */ = {isa = PBXBuildFile; fileRef = 4609CC3F1AA9761100D2E70D /* AudioToolbox.framework */; };
		4609CC4B1AA9761100D2E70D /* CFNetwork.framework in Frameworks */ = {isa = PBXBuildFile; fileRef = 4609CC401AA9761100D2E70D /* CFNetwork.framework */; };
		4609CC4C1AA9761100D2E70D /* CoreGraphics.framework in Frameworks */ = {isa = PBXBuildFile; fileRef = 4609CC411AA9761100D2E70D /* CoreGraphics.framework */; };
		4609CC4D1AA9761100D2E70D /* CoreLocation.framework in Frameworks */ = {isa = PBXBuildFile; fileRef = 4609CC421AA9761100D2E70D /* CoreLocation.framework */; };
		4609CC4E1AA9761100D2E70D /* libsqlite3.dylib in Frameworks */ = {isa = PBXBuildFile; fileRef = 4609CC431AA9761100D2E70D /* libsqlite3.dylib */; };
		4609CC4F1AA9761100D2E70D /* libz.dylib in Frameworks */ = {isa = PBXBuildFile; fileRef = 4609CC441AA9761100D2E70D /* libz.dylib */; };
		4609CC501AA9761100D2E70D /* MobileCoreServices.framework in Frameworks */ = {isa = PBXBuildFile; fileRef = 4609CC451AA9761100D2E70D /* MobileCoreServices.framework */; };
		4609CC511AA9761100D2E70D /* QuartzCore.framework in Frameworks */ = {isa = PBXBuildFile; fileRef = 4609CC461AA9761100D2E70D /* QuartzCore.framework */; };
		4609CC521AA9761100D2E70D /* Security.framework in Frameworks */ = {isa = PBXBuildFile; fileRef = 4609CC471AA9761100D2E70D /* Security.framework */; };
		4609CC531AA9761100D2E70D /* StoreKit.framework in Frameworks */ = {isa = PBXBuildFile; fileRef = 4609CC481AA9761100D2E70D /* StoreKit.framework */; };
		4609CC541AA9761100D2E70D /* SystemConfiguration.framework in Frameworks */ = {isa = PBXBuildFile; fileRef = 4609CC491AA9761100D2E70D /* SystemConfiguration.framework */; };
		466A27731AAA163700AB6BB5 /* TagListView.swift in Sources */ = {isa = PBXBuildFile; fileRef = 466A27711AAA163700AB6BB5 /* TagListView.swift */; };
		466A27741AAA163700AB6BB5 /* TagView.swift in Sources */ = {isa = PBXBuildFile; fileRef = 466A27721AAA163700AB6BB5 /* TagView.swift */; };
		466A27761AAA20AE00AB6BB5 /* TagsViewController.swift in Sources */ = {isa = PBXBuildFile; fileRef = 466A27751AAA20AE00AB6BB5 /* TagsViewController.swift */; };
		466A278B1AAA851200AB6BB5 /* SearchView.swift in Sources */ = {isa = PBXBuildFile; fileRef = 466A278A1AAA851200AB6BB5 /* SearchView.swift */; };
		466A278D1AAAC78900AB6BB5 /* User.swift in Sources */ = {isa = PBXBuildFile; fileRef = 466A278C1AAAC78900AB6BB5 /* User.swift */; };
		DBD31EB01AB35C5B00B03CAA /* Event.swift in Sources */ = {isa = PBXBuildFile; fileRef = DBD31EAF1AB35C5B00B03CAA /* Event.swift */; };
		DBD31EB21AB35CAA00B03CAA /* HomeTableViewCell.swift in Sources */ = {isa = PBXBuildFile; fileRef = DBD31EB11AB35CAA00B03CAA /* HomeTableViewCell.swift */; };
		DBD31EB41AB3663900B03CAA /* CalendarTableViewCell.swift in Sources */ = {isa = PBXBuildFile; fileRef = DBD31EB31AB3663900B03CAA /* CalendarTableViewCell.swift */; };
		F987BA171AA7C720008FDD56 /* AppDelegate.swift in Sources */ = {isa = PBXBuildFile; fileRef = F987BA161AA7C720008FDD56 /* AppDelegate.swift */; };
		F987BA191AA7C720008FDD56 /* HomeTab.swift in Sources */ = {isa = PBXBuildFile; fileRef = F987BA181AA7C720008FDD56 /* HomeTab.swift */; };
		F987BA1C1AA7C720008FDD56 /* Main.storyboard in Resources */ = {isa = PBXBuildFile; fileRef = F987BA1A1AA7C720008FDD56 /* Main.storyboard */; };
		F987BA1E1AA7C720008FDD56 /* Images.xcassets in Resources */ = {isa = PBXBuildFile; fileRef = F987BA1D1AA7C720008FDD56 /* Images.xcassets */; };
		F987BA211AA7C720008FDD56 /* LaunchScreen.xib in Resources */ = {isa = PBXBuildFile; fileRef = F987BA1F1AA7C720008FDD56 /* LaunchScreen.xib */; };
		F987BA2D1AA7C721008FDD56 /* HearHereAppTests.swift in Sources */ = {isa = PBXBuildFile; fileRef = F987BA2C1AA7C721008FDD56 /* HearHereAppTests.swift */; };
		F987BA371AA7C7F7008FDD56 /* MapKit.framework in Frameworks */ = {isa = PBXBuildFile; fileRef = F987BA361AA7C7F7008FDD56 /* MapKit.framework */; };
		F987BA391AA7C7FD008FDD56 /* EventKit.framework in Frameworks */ = {isa = PBXBuildFile; fileRef = F987BA381AA7C7FD008FDD56 /* EventKit.framework */; };
		F995C3E41AA91CA300F6EC88 /* TabBarController.swift in Sources */ = {isa = PBXBuildFile; fileRef = F995C3E31AA91CA300F6EC88 /* TabBarController.swift */; };
		F995C3E81AA91D4D00F6EC88 /* SignUpViewController.swift in Sources */ = {isa = PBXBuildFile; fileRef = F995C3E71AA91D4D00F6EC88 /* SignUpViewController.swift */; };
		F995C3EA1AA91D6500F6EC88 /* SignInViewController.swift in Sources */ = {isa = PBXBuildFile; fileRef = F995C3E91AA91D6500F6EC88 /* SignInViewController.swift */; };
		F995C3EC1AA91DA200F6EC88 /* SearchViewController.swift in Sources */ = {isa = PBXBuildFile; fileRef = F995C3EB1AA91DA200F6EC88 /* SearchViewController.swift */; };
		F9CF09721AA7E179005E28F7 /* CalendarTab.swift in Sources */ = {isa = PBXBuildFile; fileRef = F9CF09711AA7E179005E28F7 /* CalendarTab.swift */; };
		F9CF09741AA7E18E005E28F7 /* MapTab.swift in Sources */ = {isa = PBXBuildFile; fileRef = F9CF09731AA7E18E005E28F7 /* MapTab.swift */; };
		F9CF09761AA7E1A1005E28F7 /* ProfileTab.swift in Sources */ = {isa = PBXBuildFile; fileRef = F9CF09751AA7E1A1005E28F7 /* ProfileTab.swift */; };
/* End PBXBuildFile section */

/* Begin PBXContainerItemProxy section */
		F987BA271AA7C721008FDD56 /* PBXContainerItemProxy */ = {
			isa = PBXContainerItemProxy;
			containerPortal = F987BA091AA7C720008FDD56 /* Project object */;
			proxyType = 1;
			remoteGlobalIDString = F987BA101AA7C720008FDD56;
			remoteInfo = HearHereApp;
		};
/* End PBXContainerItemProxy section */

/* Begin PBXFileReference section */
		4609CC371AA974AF00D2E70D /* DataManager.swift */ = {isa = PBXFileReference; fileEncoding = 4; lastKnownFileType = sourcecode.swift; path = DataManager.swift; sourceTree = "<group>"; };
		4609CC391AA974E200D2E70D /* Configuration.swift */ = {isa = PBXFileReference; fileEncoding = 4; lastKnownFileType = sourcecode.swift; path = Configuration.swift; sourceTree = "<group>"; };
		4609CC3B1AA9758A00D2E70D /* Parse.framework */ = {isa = PBXFileReference; lastKnownFileType = wrapper.framework; path = Parse.framework; sourceTree = "<group>"; };
		4609CC3D1AA9759600D2E70D /* Bolts.framework */ = {isa = PBXFileReference; lastKnownFileType = wrapper.framework; path = Bolts.framework; sourceTree = "<group>"; };
		4609CC3F1AA9761100D2E70D /* AudioToolbox.framework */ = {isa = PBXFileReference; lastKnownFileType = wrapper.framework; name = AudioToolbox.framework; path = System/Library/Frameworks/AudioToolbox.framework; sourceTree = SDKROOT; };
		4609CC401AA9761100D2E70D /* CFNetwork.framework */ = {isa = PBXFileReference; lastKnownFileType = wrapper.framework; name = CFNetwork.framework; path = System/Library/Frameworks/CFNetwork.framework; sourceTree = SDKROOT; };
		4609CC411AA9761100D2E70D /* CoreGraphics.framework */ = {isa = PBXFileReference; lastKnownFileType = wrapper.framework; name = CoreGraphics.framework; path = System/Library/Frameworks/CoreGraphics.framework; sourceTree = SDKROOT; };
		4609CC421AA9761100D2E70D /* CoreLocation.framework */ = {isa = PBXFileReference; lastKnownFileType = wrapper.framework; name = CoreLocation.framework; path = System/Library/Frameworks/CoreLocation.framework; sourceTree = SDKROOT; };
		4609CC431AA9761100D2E70D /* libsqlite3.dylib */ = {isa = PBXFileReference; lastKnownFileType = "compiled.mach-o.dylib"; name = libsqlite3.dylib; path = usr/lib/libsqlite3.dylib; sourceTree = SDKROOT; };
		4609CC441AA9761100D2E70D /* libz.dylib */ = {isa = PBXFileReference; lastKnownFileType = "compiled.mach-o.dylib"; name = libz.dylib; path = usr/lib/libz.dylib; sourceTree = SDKROOT; };
		4609CC451AA9761100D2E70D /* MobileCoreServices.framework */ = {isa = PBXFileReference; lastKnownFileType = wrapper.framework; name = MobileCoreServices.framework; path = System/Library/Frameworks/MobileCoreServices.framework; sourceTree = SDKROOT; };
		4609CC461AA9761100D2E70D /* QuartzCore.framework */ = {isa = PBXFileReference; lastKnownFileType = wrapper.framework; name = QuartzCore.framework; path = System/Library/Frameworks/QuartzCore.framework; sourceTree = SDKROOT; };
		4609CC471AA9761100D2E70D /* Security.framework */ = {isa = PBXFileReference; lastKnownFileType = wrapper.framework; name = Security.framework; path = System/Library/Frameworks/Security.framework; sourceTree = SDKROOT; };
		4609CC481AA9761100D2E70D /* StoreKit.framework */ = {isa = PBXFileReference; lastKnownFileType = wrapper.framework; name = StoreKit.framework; path = System/Library/Frameworks/StoreKit.framework; sourceTree = SDKROOT; };
		4609CC491AA9761100D2E70D /* SystemConfiguration.framework */ = {isa = PBXFileReference; lastKnownFileType = wrapper.framework; name = SystemConfiguration.framework; path = System/Library/Frameworks/SystemConfiguration.framework; sourceTree = SDKROOT; };
		466A27711AAA163700AB6BB5 /* TagListView.swift */ = {isa = PBXFileReference; fileEncoding = 4; lastKnownFileType = sourcecode.swift; path = TagListView.swift; sourceTree = "<group>"; };
		466A27721AAA163700AB6BB5 /* TagView.swift */ = {isa = PBXFileReference; fileEncoding = 4; lastKnownFileType = sourcecode.swift; path = TagView.swift; sourceTree = "<group>"; };
		466A27751AAA20AE00AB6BB5 /* TagsViewController.swift */ = {isa = PBXFileReference; fileEncoding = 4; lastKnownFileType = sourcecode.swift; path = TagsViewController.swift; sourceTree = "<group>"; };
		466A278A1AAA851200AB6BB5 /* SearchView.swift */ = {isa = PBXFileReference; fileEncoding = 4; lastKnownFileType = sourcecode.swift; path = SearchView.swift; sourceTree = "<group>"; };
		466A278C1AAAC78900AB6BB5 /* User.swift */ = {isa = PBXFileReference; fileEncoding = 4; lastKnownFileType = sourcecode.swift; path = User.swift; sourceTree = "<group>"; };
		DBD31EAF1AB35C5B00B03CAA /* Event.swift */ = {isa = PBXFileReference; fileEncoding = 4; lastKnownFileType = sourcecode.swift; path = Event.swift; sourceTree = "<group>"; };
		DBD31EB11AB35CAA00B03CAA /* HomeTableViewCell.swift */ = {isa = PBXFileReference; fileEncoding = 4; lastKnownFileType = sourcecode.swift; path = HomeTableViewCell.swift; sourceTree = "<group>"; };
		DBD31EB31AB3663900B03CAA /* CalendarTableViewCell.swift */ = {isa = PBXFileReference; fileEncoding = 4; lastKnownFileType = sourcecode.swift; path = CalendarTableViewCell.swift; sourceTree = "<group>"; };
		F987BA111AA7C720008FDD56 /* HearHereApp.app */ = {isa = PBXFileReference; explicitFileType = wrapper.application; includeInIndex = 0; path = HearHereApp.app; sourceTree = BUILT_PRODUCTS_DIR; };
		F987BA151AA7C720008FDD56 /* Info.plist */ = {isa = PBXFileReference; lastKnownFileType = text.plist.xml; path = Info.plist; sourceTree = "<group>"; };
		F987BA161AA7C720008FDD56 /* AppDelegate.swift */ = {isa = PBXFileReference; lastKnownFileType = sourcecode.swift; path = AppDelegate.swift; sourceTree = "<group>"; };
		F987BA181AA7C720008FDD56 /* HomeTab.swift */ = {isa = PBXFileReference; lastKnownFileType = sourcecode.swift; path = HomeTab.swift; sourceTree = "<group>"; };
		F987BA1B1AA7C720008FDD56 /* Base */ = {isa = PBXFileReference; lastKnownFileType = file.storyboard; name = Base; path = Base.lproj/Main.storyboard; sourceTree = "<group>"; };
		F987BA1D1AA7C720008FDD56 /* Images.xcassets */ = {isa = PBXFileReference; lastKnownFileType = folder.assetcatalog; path = Images.xcassets; sourceTree = "<group>"; };
		F987BA201AA7C720008FDD56 /* Base */ = {isa = PBXFileReference; lastKnownFileType = file.xib; name = Base; path = Base.lproj/LaunchScreen.xib; sourceTree = "<group>"; };
		F987BA261AA7C721008FDD56 /* HearHereAppTests.xctest */ = {isa = PBXFileReference; explicitFileType = wrapper.cfbundle; includeInIndex = 0; path = HearHereAppTests.xctest; sourceTree = BUILT_PRODUCTS_DIR; };
		F987BA2B1AA7C721008FDD56 /* Info.plist */ = {isa = PBXFileReference; lastKnownFileType = text.plist.xml; path = Info.plist; sourceTree = "<group>"; };
		F987BA2C1AA7C721008FDD56 /* HearHereAppTests.swift */ = {isa = PBXFileReference; lastKnownFileType = sourcecode.swift; path = HearHereAppTests.swift; sourceTree = "<group>"; };
		F987BA361AA7C7F7008FDD56 /* MapKit.framework */ = {isa = PBXFileReference; lastKnownFileType = wrapper.framework; name = MapKit.framework; path = System/Library/Frameworks/MapKit.framework; sourceTree = SDKROOT; };
		F987BA381AA7C7FD008FDD56 /* EventKit.framework */ = {isa = PBXFileReference; lastKnownFileType = wrapper.framework; name = EventKit.framework; path = System/Library/Frameworks/EventKit.framework; sourceTree = SDKROOT; };
		F995C3E31AA91CA300F6EC88 /* TabBarController.swift */ = {isa = PBXFileReference; fileEncoding = 4; lastKnownFileType = sourcecode.swift; name = TabBarController.swift; path = ../TabBarController.swift; sourceTree = "<group>"; };
		F995C3E71AA91D4D00F6EC88 /* SignUpViewController.swift */ = {isa = PBXFileReference; fileEncoding = 4; lastKnownFileType = sourcecode.swift; path = SignUpViewController.swift; sourceTree = "<group>"; };
		F995C3E91AA91D6500F6EC88 /* SignInViewController.swift */ = {isa = PBXFileReference; fileEncoding = 4; lastKnownFileType = sourcecode.swift; path = SignInViewController.swift; sourceTree = "<group>"; };
		F995C3EB1AA91DA200F6EC88 /* SearchViewController.swift */ = {isa = PBXFileReference; fileEncoding = 4; lastKnownFileType = sourcecode.swift; path = SearchViewController.swift; sourceTree = "<group>"; };
		F9CF09711AA7E179005E28F7 /* CalendarTab.swift */ = {isa = PBXFileReference; fileEncoding = 4; lastKnownFileType = sourcecode.swift; path = CalendarTab.swift; sourceTree = "<group>"; };
		F9CF09731AA7E18E005E28F7 /* MapTab.swift */ = {isa = PBXFileReference; fileEncoding = 4; lastKnownFileType = sourcecode.swift; path = MapTab.swift; sourceTree = "<group>"; };
		F9CF09751AA7E1A1005E28F7 /* ProfileTab.swift */ = {isa = PBXFileReference; fileEncoding = 4; lastKnownFileType = sourcecode.swift; path = ProfileTab.swift; sourceTree = "<group>"; };
/* End PBXFileReference section */

/* Begin PBXFrameworksBuildPhase section */
		F987BA0E1AA7C720008FDD56 /* Frameworks */ = {
			isa = PBXFrameworksBuildPhase;
			buildActionMask = 2147483647;
			files = (
				4609CC4A1AA9761100D2E70D /* AudioToolbox.framework in Frameworks */,
				4609CC4B1AA9761100D2E70D /* CFNetwork.framework in Frameworks */,
				4609CC4C1AA9761100D2E70D /* CoreGraphics.framework in Frameworks */,
				4609CC4D1AA9761100D2E70D /* CoreLocation.framework in Frameworks */,
				4609CC4E1AA9761100D2E70D /* libsqlite3.dylib in Frameworks */,
				4609CC4F1AA9761100D2E70D /* libz.dylib in Frameworks */,
				4609CC501AA9761100D2E70D /* MobileCoreServices.framework in Frameworks */,
				4609CC511AA9761100D2E70D /* QuartzCore.framework in Frameworks */,
				4609CC521AA9761100D2E70D /* Security.framework in Frameworks */,
				4609CC531AA9761100D2E70D /* StoreKit.framework in Frameworks */,
				4609CC541AA9761100D2E70D /* SystemConfiguration.framework in Frameworks */,
				F987BA391AA7C7FD008FDD56 /* EventKit.framework in Frameworks */,
				4609CC3C1AA9758A00D2E70D /* Parse.framework in Frameworks */,
				F987BA371AA7C7F7008FDD56 /* MapKit.framework in Frameworks */,
				4609CC3E1AA9759600D2E70D /* Bolts.framework in Frameworks */,
			);
			runOnlyForDeploymentPostprocessing = 0;
		};
		F987BA231AA7C721008FDD56 /* Frameworks */ = {
			isa = PBXFrameworksBuildPhase;
			buildActionMask = 2147483647;
			files = (
			);
			runOnlyForDeploymentPostprocessing = 0;
		};
/* End PBXFrameworksBuildPhase section */

/* Begin PBXGroup section */
		4609CC301AA9716100D2E70D /* Frameworks */ = {
			isa = PBXGroup;
			children = (
				4609CC3F1AA9761100D2E70D /* AudioToolbox.framework */,
				4609CC401AA9761100D2E70D /* CFNetwork.framework */,
				4609CC411AA9761100D2E70D /* CoreGraphics.framework */,
				4609CC421AA9761100D2E70D /* CoreLocation.framework */,
				4609CC431AA9761100D2E70D /* libsqlite3.dylib */,
				4609CC441AA9761100D2E70D /* libz.dylib */,
				4609CC451AA9761100D2E70D /* MobileCoreServices.framework */,
				4609CC461AA9761100D2E70D /* QuartzCore.framework */,
				4609CC471AA9761100D2E70D /* Security.framework */,
				4609CC481AA9761100D2E70D /* StoreKit.framework */,
				4609CC491AA9761100D2E70D /* SystemConfiguration.framework */,
				4609CC3D1AA9759600D2E70D /* Bolts.framework */,
				4609CC3B1AA9758A00D2E70D /* Parse.framework */,
				F987BA381AA7C7FD008FDD56 /* EventKit.framework */,
				F987BA361AA7C7F7008FDD56 /* MapKit.framework */,
			);
			name = Frameworks;
			sourceTree = "<group>";
		};
		4609CC331AA9732C00D2E70D /* Controllers */ = {
			isa = PBXGroup;
			children = (
				F987BA181AA7C720008FDD56 /* HomeTab.swift */,
				F9CF09711AA7E179005E28F7 /* CalendarTab.swift */,
				F9CF09731AA7E18E005E28F7 /* MapTab.swift */,
				F9CF09751AA7E1A1005E28F7 /* ProfileTab.swift */,
				F995C3E31AA91CA300F6EC88 /* TabBarController.swift */,
				F995C3EB1AA91DA200F6EC88 /* SearchViewController.swift */,
				F995C3E91AA91D6500F6EC88 /* SignInViewController.swift */,
				F995C3E71AA91D4D00F6EC88 /* SignUpViewController.swift */,
				466A27751AAA20AE00AB6BB5 /* TagsViewController.swift */,
			);
			name = Controllers;
			sourceTree = "<group>";
		};
		4609CC361AA9744F00D2E70D /* Models */ = {
			isa = PBXGroup;
			children = (
				466A278C1AAAC78900AB6BB5 /* User.swift */,
				4609CC371AA974AF00D2E70D /* DataManager.swift */,
				DBD31EAF1AB35C5B00B03CAA /* Event.swift */,
			);
			name = Models;
			sourceTree = "<group>";
		};
		4609CC551AA979B500D2E70D /* Views */ = {
			isa = PBXGroup;
			children = (
				466A278A1AAA851200AB6BB5 /* SearchView.swift */,
				466A27721AAA163700AB6BB5 /* TagView.swift */,
				466A27711AAA163700AB6BB5 /* TagListView.swift */,
				DBD31EB11AB35CAA00B03CAA /* HomeTableViewCell.swift */,
				DBD31EB31AB3663900B03CAA /* CalendarTableViewCell.swift */,
			);
			name = Views;
			sourceTree = "<group>";
		};
		F987BA081AA7C720008FDD56 = {
			isa = PBXGroup;
			children = (
				F987BA131AA7C720008FDD56 /* HearHereApp */,
				F987BA291AA7C721008FDD56 /* HearHereAppTests */,
				F987BA121AA7C720008FDD56 /* Products */,
				4609CC301AA9716100D2E70D /* Frameworks */,
			);
			sourceTree = "<group>";
		};
		F987BA121AA7C720008FDD56 /* Products */ = {
			isa = PBXGroup;
			children = (
				F987BA111AA7C720008FDD56 /* HearHereApp.app */,
				F987BA261AA7C721008FDD56 /* HearHereAppTests.xctest */,
			);
			name = Products;
			sourceTree = "<group>";
		};
		F987BA131AA7C720008FDD56 /* HearHereApp */ = {
			isa = PBXGroup;
			children = (
				4609CC551AA979B500D2E70D /* Views */,
				4609CC361AA9744F00D2E70D /* Models */,
				4609CC331AA9732C00D2E70D /* Controllers */,
				F987BA1A1AA7C720008FDD56 /* Main.storyboard */,
				F987BA141AA7C720008FDD56 /* Supporting Files */,
			);
			path = HearHereApp;
			sourceTree = "<group>";
		};
		F987BA141AA7C720008FDD56 /* Supporting Files */ = {
			isa = PBXGroup;
			children = (
				4609CC391AA974E200D2E70D /* Configuration.swift */,
				F987BA1D1AA7C720008FDD56 /* Images.xcassets */,
				F987BA1F1AA7C720008FDD56 /* LaunchScreen.xib */,
				F987BA161AA7C720008FDD56 /* AppDelegate.swift */,
				F987BA151AA7C720008FDD56 /* Info.plist */,
			);
			name = "Supporting Files";
			sourceTree = "<group>";
		};
		F987BA291AA7C721008FDD56 /* HearHereAppTests */ = {
			isa = PBXGroup;
			children = (
				F987BA2C1AA7C721008FDD56 /* HearHereAppTests.swift */,
				F987BA2A1AA7C721008FDD56 /* Supporting Files */,
			);
			path = HearHereAppTests;
			sourceTree = "<group>";
		};
		F987BA2A1AA7C721008FDD56 /* Supporting Files */ = {
			isa = PBXGroup;
			children = (
				F987BA2B1AA7C721008FDD56 /* Info.plist */,
			);
			name = "Supporting Files";
			sourceTree = "<group>";
		};
/* End PBXGroup section */

/* Begin PBXNativeTarget section */
		F987BA101AA7C720008FDD56 /* HearHereApp */ = {
			isa = PBXNativeTarget;
			buildConfigurationList = F987BA301AA7C721008FDD56 /* Build configuration list for PBXNativeTarget "HearHereApp" */;
			buildPhases = (
				F987BA0D1AA7C720008FDD56 /* Sources */,
				F987BA0E1AA7C720008FDD56 /* Frameworks */,
				F987BA0F1AA7C720008FDD56 /* Resources */,
			);
			buildRules = (
			);
			dependencies = (
			);
			name = HearHereApp;
			productName = HearHereApp;
			productReference = F987BA111AA7C720008FDD56 /* HearHereApp.app */;
			productType = "com.apple.product-type.application";
		};
		F987BA251AA7C721008FDD56 /* HearHereAppTests */ = {
			isa = PBXNativeTarget;
			buildConfigurationList = F987BA331AA7C721008FDD56 /* Build configuration list for PBXNativeTarget "HearHereAppTests" */;
			buildPhases = (
				F987BA221AA7C721008FDD56 /* Sources */,
				F987BA231AA7C721008FDD56 /* Frameworks */,
				F987BA241AA7C721008FDD56 /* Resources */,
			);
			buildRules = (
			);
			dependencies = (
				F987BA281AA7C721008FDD56 /* PBXTargetDependency */,
			);
			name = HearHereAppTests;
			productName = HearHereAppTests;
			productReference = F987BA261AA7C721008FDD56 /* HearHereAppTests.xctest */;
			productType = "com.apple.product-type.bundle.unit-test";
		};
/* End PBXNativeTarget section */

/* Begin PBXProject section */
		F987BA091AA7C720008FDD56 /* Project object */ = {
			isa = PBXProject;
			attributes = {
				LastUpgradeCheck = 0610;
				ORGANIZATIONNAME = LXing;
				TargetAttributes = {
					F987BA101AA7C720008FDD56 = {
						CreatedOnToolsVersion = 6.1.1;
					};
					F987BA251AA7C721008FDD56 = {
						CreatedOnToolsVersion = 6.1.1;
						TestTargetID = F987BA101AA7C720008FDD56;
					};
				};
			};
			buildConfigurationList = F987BA0C1AA7C720008FDD56 /* Build configuration list for PBXProject "HearHereApp" */;
			compatibilityVersion = "Xcode 3.2";
			developmentRegion = English;
			hasScannedForEncodings = 0;
			knownRegions = (
				en,
				Base,
			);
			mainGroup = F987BA081AA7C720008FDD56;
			productRefGroup = F987BA121AA7C720008FDD56 /* Products */;
			projectDirPath = "";
			projectRoot = "";
			targets = (
				F987BA101AA7C720008FDD56 /* HearHereApp */,
				F987BA251AA7C721008FDD56 /* HearHereAppTests */,
			);
		};
/* End PBXProject section */

/* Begin PBXResourcesBuildPhase section */
		F987BA0F1AA7C720008FDD56 /* Resources */ = {
			isa = PBXResourcesBuildPhase;
			buildActionMask = 2147483647;
			files = (
				F987BA1C1AA7C720008FDD56 /* Main.storyboard in Resources */,
				F987BA211AA7C720008FDD56 /* LaunchScreen.xib in Resources */,
				F987BA1E1AA7C720008FDD56 /* Images.xcassets in Resources */,
			);
			runOnlyForDeploymentPostprocessing = 0;
		};
		F987BA241AA7C721008FDD56 /* Resources */ = {
			isa = PBXResourcesBuildPhase;
			buildActionMask = 2147483647;
			files = (
			);
			runOnlyForDeploymentPostprocessing = 0;
		};
/* End PBXResourcesBuildPhase section */

/* Begin PBXSourcesBuildPhase section */
		F987BA0D1AA7C720008FDD56 /* Sources */ = {
			isa = PBXSourcesBuildPhase;
			buildActionMask = 2147483647;
			files = (
				F995C3EC1AA91DA200F6EC88 /* SearchViewController.swift in Sources */,
				F9CF09761AA7E1A1005E28F7 /* ProfileTab.swift in Sources */,
				F9CF09741AA7E18E005E28F7 /* MapTab.swift in Sources */,
				F995C3E81AA91D4D00F6EC88 /* SignUpViewController.swift in Sources */,
				DBD31EB41AB3663900B03CAA /* CalendarTableViewCell.swift in Sources */,
				466A278D1AAAC78900AB6BB5 /* User.swift in Sources */,
				F987BA191AA7C720008FDD56 /* HomeTab.swift in Sources */,
				DBD31EB21AB35CAA00B03CAA /* HomeTableViewCell.swift in Sources */,
				F995C3E41AA91CA300F6EC88 /* TabBarController.swift in Sources */,
				4609CC3A1AA974E200D2E70D /* Configuration.swift in Sources */,
				DBD31EB01AB35C5B00B03CAA /* Event.swift in Sources */,
				F995C3EA1AA91D6500F6EC88 /* SignInViewController.swift in Sources */,
				4609CC381AA974AF00D2E70D /* DataManager.swift in Sources */,
				466A27741AAA163700AB6BB5 /* TagView.swift in Sources */,
				466A27731AAA163700AB6BB5 /* TagListView.swift in Sources */,
				F9CF09721AA7E179005E28F7 /* CalendarTab.swift in Sources */,
				466A278B1AAA851200AB6BB5 /* SearchView.swift in Sources */,
				F987BA171AA7C720008FDD56 /* AppDelegate.swift in Sources */,
				466A27761AAA20AE00AB6BB5 /* TagsViewController.swift in Sources */,
			);
			runOnlyForDeploymentPostprocessing = 0;
		};
		F987BA221AA7C721008FDD56 /* Sources */ = {
			isa = PBXSourcesBuildPhase;
			buildActionMask = 2147483647;
			files = (
				F987BA2D1AA7C721008FDD56 /* HearHereAppTests.swift in Sources */,
			);
			runOnlyForDeploymentPostprocessing = 0;
		};
/* End PBXSourcesBuildPhase section */

/* Begin PBXTargetDependency section */
		F987BA281AA7C721008FDD56 /* PBXTargetDependency */ = {
			isa = PBXTargetDependency;
			target = F987BA101AA7C720008FDD56 /* HearHereApp */;
			targetProxy = F987BA271AA7C721008FDD56 /* PBXContainerItemProxy */;
		};
/* End PBXTargetDependency section */

/* Begin PBXVariantGroup section */
		F987BA1A1AA7C720008FDD56 /* Main.storyboard */ = {
			isa = PBXVariantGroup;
			children = (
				F987BA1B1AA7C720008FDD56 /* Base */,
			);
			name = Main.storyboard;
			sourceTree = "<group>";
		};
		F987BA1F1AA7C720008FDD56 /* LaunchScreen.xib */ = {
			isa = PBXVariantGroup;
			children = (
				F987BA201AA7C720008FDD56 /* Base */,
			);
			name = LaunchScreen.xib;
			sourceTree = "<group>";
		};
/* End PBXVariantGroup section */

/* Begin XCBuildConfiguration section */
		F987BA2E1AA7C721008FDD56 /* Debug */ = {
			isa = XCBuildConfiguration;
			buildSettings = {
				ALWAYS_SEARCH_USER_PATHS = NO;
				CLANG_CXX_LANGUAGE_STANDARD = "gnu++0x";
				CLANG_CXX_LIBRARY = "libc++";
				CLANG_ENABLE_MODULES = YES;
				CLANG_ENABLE_OBJC_ARC = YES;
				CLANG_WARN_BOOL_CONVERSION = YES;
				CLANG_WARN_CONSTANT_CONVERSION = YES;
				CLANG_WARN_DIRECT_OBJC_ISA_USAGE = YES_ERROR;
				CLANG_WARN_EMPTY_BODY = YES;
				CLANG_WARN_ENUM_CONVERSION = YES;
				CLANG_WARN_INT_CONVERSION = YES;
				CLANG_WARN_OBJC_ROOT_CLASS = YES_ERROR;
				CLANG_WARN_UNREACHABLE_CODE = YES;
				CLANG_WARN__DUPLICATE_METHOD_MATCH = YES;
				"CODE_SIGN_IDENTITY[sdk=iphoneos*]" = "iPhone Developer";
				COPY_PHASE_STRIP = NO;
				ENABLE_STRICT_OBJC_MSGSEND = YES;
				GCC_C_LANGUAGE_STANDARD = gnu99;
				GCC_DYNAMIC_NO_PIC = NO;
				GCC_OPTIMIZATION_LEVEL = 0;
				GCC_PREPROCESSOR_DEFINITIONS = (
					"DEBUG=1",
					"$(inherited)",
				);
				GCC_SYMBOLS_PRIVATE_EXTERN = NO;
				GCC_WARN_64_TO_32_BIT_CONVERSION = YES;
				GCC_WARN_ABOUT_RETURN_TYPE = YES_ERROR;
				GCC_WARN_UNDECLARED_SELECTOR = YES;
				GCC_WARN_UNINITIALIZED_AUTOS = YES_AGGRESSIVE;
				GCC_WARN_UNUSED_FUNCTION = YES;
				GCC_WARN_UNUSED_VARIABLE = YES;
				IPHONEOS_DEPLOYMENT_TARGET = 8.1;
				MTL_ENABLE_DEBUG_INFO = YES;
				ONLY_ACTIVE_ARCH = YES;
				SDKROOT = iphoneos;
				SWIFT_OPTIMIZATION_LEVEL = "-Onone";
			};
			name = Debug;
		};
		F987BA2F1AA7C721008FDD56 /* Release */ = {
			isa = XCBuildConfiguration;
			buildSettings = {
				ALWAYS_SEARCH_USER_PATHS = NO;
				CLANG_CXX_LANGUAGE_STANDARD = "gnu++0x";
				CLANG_CXX_LIBRARY = "libc++";
				CLANG_ENABLE_MODULES = YES;
				CLANG_ENABLE_OBJC_ARC = YES;
				CLANG_WARN_BOOL_CONVERSION = YES;
				CLANG_WARN_CONSTANT_CONVERSION = YES;
				CLANG_WARN_DIRECT_OBJC_ISA_USAGE = YES_ERROR;
				CLANG_WARN_EMPTY_BODY = YES;
				CLANG_WARN_ENUM_CONVERSION = YES;
				CLANG_WARN_INT_CONVERSION = YES;
				CLANG_WARN_OBJC_ROOT_CLASS = YES_ERROR;
				CLANG_WARN_UNREACHABLE_CODE = YES;
				CLANG_WARN__DUPLICATE_METHOD_MATCH = YES;
				"CODE_SIGN_IDENTITY[sdk=iphoneos*]" = "iPhone Developer";
				COPY_PHASE_STRIP = YES;
				ENABLE_NS_ASSERTIONS = NO;
				ENABLE_STRICT_OBJC_MSGSEND = YES;
				GCC_C_LANGUAGE_STANDARD = gnu99;
				GCC_WARN_64_TO_32_BIT_CONVERSION = YES;
				GCC_WARN_ABOUT_RETURN_TYPE = YES_ERROR;
				GCC_WARN_UNDECLARED_SELECTOR = YES;
				GCC_WARN_UNINITIALIZED_AUTOS = YES_AGGRESSIVE;
				GCC_WARN_UNUSED_FUNCTION = YES;
				GCC_WARN_UNUSED_VARIABLE = YES;
				IPHONEOS_DEPLOYMENT_TARGET = 8.1;
				MTL_ENABLE_DEBUG_INFO = NO;
				SDKROOT = iphoneos;
				VALIDATE_PRODUCT = YES;
			};
			name = Release;
		};
		F987BA311AA7C721008FDD56 /* Debug */ = {
			isa = XCBuildConfiguration;
			buildSettings = {
				ASSETCATALOG_COMPILER_APPICON_NAME = AppIcon;
				FRAMEWORK_SEARCH_PATHS = (
					"$(inherited)",
					"$(PROJECT_DIR)",
				);
				INFOPLIST_FILE = HearHereApp/Info.plist;
				LD_RUNPATH_SEARCH_PATHS = "$(inherited) @executable_path/Frameworks";
				PRODUCT_NAME = "$(TARGET_NAME)";
			};
			name = Debug;
		};
		F987BA321AA7C721008FDD56 /* Release */ = {
			isa = XCBuildConfiguration;
			buildSettings = {
				ASSETCATALOG_COMPILER_APPICON_NAME = AppIcon;
				FRAMEWORK_SEARCH_PATHS = (
					"$(inherited)",
					"$(PROJECT_DIR)",
				);
				INFOPLIST_FILE = HearHereApp/Info.plist;
				LD_RUNPATH_SEARCH_PATHS = "$(inherited) @executable_path/Frameworks";
				PRODUCT_NAME = "$(TARGET_NAME)";
			};
			name = Release;
		};
		F987BA341AA7C721008FDD56 /* Debug */ = {
			isa = XCBuildConfiguration;
			buildSettings = {
				BUNDLE_LOADER = "$(TEST_HOST)";
				FRAMEWORK_SEARCH_PATHS = (
					"$(SDKROOT)/Developer/Library/Frameworks",
					"$(inherited)",
				);
				GCC_PREPROCESSOR_DEFINITIONS = (
					"DEBUG=1",
					"$(inherited)",
				);
				INFOPLIST_FILE = HearHereAppTests/Info.plist;
				LD_RUNPATH_SEARCH_PATHS = "$(inherited) @executable_path/Frameworks @loader_path/Frameworks";
				PRODUCT_NAME = "$(TARGET_NAME)";
				TEST_HOST = "$(BUILT_PRODUCTS_DIR)/HearHereApp.app/HearHereApp";
			};
			name = Debug;
		};
		F987BA351AA7C721008FDD56 /* Release */ = {
			isa = XCBuildConfiguration;
			buildSettings = {
				BUNDLE_LOADER = "$(TEST_HOST)";
				FRAMEWORK_SEARCH_PATHS = (
					"$(SDKROOT)/Developer/Library/Frameworks",
					"$(inherited)",
				);
				INFOPLIST_FILE = HearHereAppTests/Info.plist;
				LD_RUNPATH_SEARCH_PATHS = "$(inherited) @executable_path/Frameworks @loader_path/Frameworks";
				PRODUCT_NAME = "$(TARGET_NAME)";
				TEST_HOST = "$(BUILT_PRODUCTS_DIR)/HearHereApp.app/HearHereApp";
			};
			name = Release;
		};
/* End XCBuildConfiguration section */

/* Begin XCConfigurationList section */
		F987BA0C1AA7C720008FDD56 /* Build configuration list for PBXProject "HearHereApp" */ = {
			isa = XCConfigurationList;
			buildConfigurations = (
				F987BA2E1AA7C721008FDD56 /* Debug */,
				F987BA2F1AA7C721008FDD56 /* Release */,
			);
			defaultConfigurationIsVisible = 0;
			defaultConfigurationName = Release;
		};
		F987BA301AA7C721008FDD56 /* Build configuration list for PBXNativeTarget "HearHereApp" */ = {
			isa = XCConfigurationList;
			buildConfigurations = (
				F987BA311AA7C721008FDD56 /* Debug */,
				F987BA321AA7C721008FDD56 /* Release */,
			);
			defaultConfigurationIsVisible = 0;
			defaultConfigurationName = Release;
		};
		F987BA331AA7C721008FDD56 /* Build configuration list for PBXNativeTarget "HearHereAppTests" */ = {
			isa = XCConfigurationList;
			buildConfigurations = (
				F987BA341AA7C721008FDD56 /* Debug */,
				F987BA351AA7C721008FDD56 /* Release */,
			);
			defaultConfigurationIsVisible = 0;
			defaultConfigurationName = Release;
		};
/* End XCConfigurationList section */
	};
	rootObject = F987BA091AA7C720008FDD56 /* Project object */;
}
