// !$*UTF8*$!
{
	archiveVersion = 1;
	classes = {
	};
	objectVersion = 46;
	objects = {

/* Begin PBXBuildFile section */
		4609CC381AA974AF00D2E70D /* DataManager.swift in Sources */ = {isa = PBXBuildFile; fileRef = 4609CC371AA974AF00D2E70D /* DataManager.swift */; };
		4609CC3A1AA974E200D2E70D /* Configuration.swift in Sources */ = {isa = PBXBuildFile; fileRef = 4609CC391AA974E200D2E70D /* Configuration.swift */; };
		4609CC3C1AA9758A00D2E70D /* Parse.framework in Frameworks */ = {isa = PBXBuildFile; fileRef = 4609CC3B1AA9758A00D2E70D /* Parse.framework */; };
		4609CC3E1AA9759600D2E70D /* Bolts.framework in Frameworks */ = {isa = PBXBuildFile; fileRef = 4609CC3D1AA9759600D2E70D /* Bolts.framework */; };
		4609CC4A1AA9761100D2E70D /* AudioToolbox.framework in Frameworks */ = {isa = PBXBuildFile; fileRef = 4609CC3F1AA9761100D2E70D /* AudioToolbox.framework */; };
		4609CC4B1AA9761100D2E70D /* CFNetwork.framework in Frameworks */ = {isa = PBXBuildFile; fileRef = 4609CC401AA9761100D2E70D /* CFNetwork.framework */; };
		4609CC4C1AA9761100D2E70D /* CoreGraphics.framework in Frameworks */ = {isa = PBXBuildFile; fileRef = 4609CC411AA9761100D2E70D /* CoreGraphics.framework */; };
		4609CC4D1AA9761100D2E70D /* CoreLocation.framework in Frameworks */ = {isa = PBXBuildFile; fileRef = 4609CC421AA9761100D2E70D /* CoreLocation.framework */; };
		4609CC4E1AA9761100D2E70D /* libsqlite3.dylib in Frameworks */ = {isa = PBXBuildFile; fileRef = 4609CC431AA9761100D2E70D /* libsqlite3.dylib */; };
		4609CC4F1AA9761100D2E70D /* libz.dylib in Frameworks */ = {isa = PBXBuildFile; fileRef = 4609CC441AA9761100D2E70D /* libz.dylib */; };
		4609CC501AA9761100D2E70D /* MobileCoreServices.framework in Frameworks */ = {isa = PBXBuildFile; fileRef = 4609CC451AA9761100D2E70D /* MobileCoreServices.framework */; };
		4609CC511AA9761100D2E70D /* QuartzCore.framework in Frameworks */ = {isa = PBXBuildFile; fileRef = 4609CC461AA9761100D2E70D /* QuartzCore.framework */; };
		4609CC521AA9761100D2E70D /* Security.framework in Frameworks */ = {isa = PBXBuildFile; fileRef = 4609CC471AA9761100D2E70D /* Security.framework */; };
		4609CC531AA9761100D2E70D /* StoreKit.framework in Frameworks */ = {isa = PBXBuildFile; fileRef = 4609CC481AA9761100D2E70D /* StoreKit.framework */; };
		4609CC541AA9761100D2E70D /* SystemConfiguration.framework in Frameworks */ = {isa = PBXBuildFile; fileRef = 4609CC491AA9761100D2E70D /* SystemConfiguration.framework */; };
		466A27731AAA163700AB6BB5 /* TagListView.swift in Sources */ = {isa = PBXBuildFile; fileRef = 466A27711AAA163700AB6BB5 /* TagListView.swift */; };
		466A27741AAA163700AB6BB5 /* TagView.swift in Sources */ = {isa = PBXBuildFile; fileRef = 466A27721AAA163700AB6BB5 /* TagView.swift */; };
		466A27761AAA20AE00AB6BB5 /* TagsViewController.swift in Sources */ = {isa = PBXBuildFile; fileRef = 466A27751AAA20AE00AB6BB5 /* TagsViewController.swift */; };
		466A278B1AAA851200AB6BB5 /* SearchView.swift in Sources */ = {isa = PBXBuildFile; fileRef = 466A278A1AAA851200AB6BB5 /* SearchView.swift */; };
		466CB3881ABD0FBD00AB53C3 /* SignInAlertView.swift in Sources */ = {isa = PBXBuildFile; fileRef = 466CB3871ABD0FBD00AB53C3 /* SignInAlertView.swift */; };
		466CB38A1ABDFDE600AB53C3 /* Cache.swift in Sources */ = {isa = PBXBuildFile; fileRef = 466CB3891ABDFDE600AB53C3 /* Cache.swift */; };
		466CB3911ABE36FC00AB53C3 /* EmailContactViewController.swift in Sources */ = {isa = PBXBuildFile; fileRef = 466CB3901ABE36FC00AB53C3 /* EmailContactViewController.swift */; };
		466CC8931AB8C640002FE4F0 /* MapTab.swift in Sources */ = {isa = PBXBuildFile; fileRef = 466CC8921AB8C640002FE4F0 /* MapTab.swift */; };
		46795D751AB7D30300D504F6 /* Artist.swift in Sources */ = {isa = PBXBuildFile; fileRef = 46795D741AB7D30300D504F6 /* Artist.swift */; };
		4693CDCD1AB7D69100DCBA29 /* Venue.swift in Sources */ = {isa = PBXBuildFile; fileRef = 4693CDCC1AB7D69100DCBA29 /* Venue.swift */; };
		4693CDD41AB7D6B800DCBA29 /* Category.swift in Sources */ = {isa = PBXBuildFile; fileRef = 4693CDCF1AB7D6B800DCBA29 /* Category.swift */; };
		4693CDD51AB7D6B800DCBA29 /* Event.swift in Sources */ = {isa = PBXBuildFile; fileRef = 4693CDD01AB7D6B800DCBA29 /* Event.swift */; };
		4693CDD61AB7D6B800DCBA29 /* Model.swift in Sources */ = {isa = PBXBuildFile; fileRef = 4693CDD11AB7D6B800DCBA29 /* Model.swift */; };
		4693CDD71AB7D6B800DCBA29 /* User.swift in Sources */ = {isa = PBXBuildFile; fileRef = 4693CDD21AB7D6B800DCBA29 /* User.swift */; };
		4693CDD91AB7D71500DCBA29 /* UserRouter.swift in Sources */ = {isa = PBXBuildFile; fileRef = 4693CDD81AB7D71500DCBA29 /* UserRouter.swift */; };
		4693CDDB1AB7D7B300DCBA29 /* ClassRouter.swift in Sources */ = {isa = PBXBuildFile; fileRef = 4693CDDA1AB7D7B300DCBA29 /* ClassRouter.swift */; };
		4693CDE21AB7D85300DCBA29 /* FilterPopoverViewController.swift in Sources */ = {isa = PBXBuildFile; fileRef = 4693CDE01AB7D85300DCBA29 /* FilterPopoverViewController.swift */; };
		4693CDE31AB7D85300DCBA29 /* FriendsTableViewController.swift in Sources */ = {isa = PBXBuildFile; fileRef = 4693CDE11AB7D85300DCBA29 /* FriendsTableViewController.swift */; };
		4693CDE51AB7D88E00DCBA29 /* EventDetailViewController.swift in Sources */ = {isa = PBXBuildFile; fileRef = 4693CDE41AB7D88E00DCBA29 /* EventDetailViewController.swift */; };
		4693CDE71AB7D8CB00DCBA29 /* FriendsTableViewCell.swift in Sources */ = {isa = PBXBuildFile; fileRef = 4693CDE61AB7D8CB00DCBA29 /* FriendsTableViewCell.swift */; };
		4693CDEA1AB7DA8400DCBA29 /* Social.framework in Frameworks */ = {isa = PBXBuildFile; fileRef = 4693CDE91AB7DA8400DCBA29 /* Social.framework */; };
		4693CDEC1AB7DAF100DCBA29 /* Accounts.framework in Frameworks */ = {isa = PBXBuildFile; fileRef = 4693CDEB1AB7DAF100DCBA29 /* Accounts.framework */; };
		D01156F0B0CE6B18EB1296D8 /* Pods_HearHereApp.framework in Frameworks */ = {isa = PBXBuildFile; fileRef = 8C8AD432332D880D7D80C003 /* Pods_HearHereApp.framework */; settings = {ATTRIBUTES = (Weak, ); }; };
		DB695B0B1ABF303D00B53713 /* CalendarCollectionViewCell.swift in Sources */ = {isa = PBXBuildFile; fileRef = DB695B0A1ABF303D00B53713 /* CalendarCollectionViewCell.swift */; };
		DB695B0D1ABF304700B53713 /* CalendarHeaderReusableView.swift in Sources */ = {isa = PBXBuildFile; fileRef = DB695B0C1ABF304700B53713 /* CalendarHeaderReusableView.swift */; };
		DB695B101ABF305600B53713 /* DateConverter.swift in Sources */ = {isa = PBXBuildFile; fileRef = DB695B0E1ABF305600B53713 /* DateConverter.swift */; };
		DB695B111ABF305600B53713 /* DateGenerator.swift in Sources */ = {isa = PBXBuildFile; fileRef = DB695B0F1ABF305600B53713 /* DateGenerator.swift */; };
		DB695B131ABF30EE00B53713 /* StickyHeaderFlowLayout.swift in Sources */ = {isa = PBXBuildFile; fileRef = DB695B121ABF30EE00B53713 /* StickyHeaderFlowLayout.swift */; };
		DBD31EB21AB35CAA00B03CAA /* HomeTableViewCell.swift in Sources */ = {isa = PBXBuildFile; fileRef = DBD31EB11AB35CAA00B03CAA /* HomeTableViewCell.swift */; };
		DBD31EB41AB3663900B03CAA /* CalendarTableViewCell.swift in Sources */ = {isa = PBXBuildFile; fileRef = DBD31EB31AB3663900B03CAA /* CalendarTableViewCell.swift */; };
		F93271A21ABF63EE00B1F0DE /* MapButton.swift in Sources */ = {isa = PBXBuildFile; fileRef = F93271A11ABF63EE00B1F0DE /* MapButton.swift */; };
		F93271A41ABF715800B1F0DE /* MapAnnotation.swift in Sources */ = {isa = PBXBuildFile; fileRef = F93271A31ABF715800B1F0DE /* MapAnnotation.swift */; };
		F93A26D11AAB6D9C00ED3BD8 /* WebViewController.swift in Sources */ = {isa = PBXBuildFile; fileRef = F93A26D01AAB6D9C00ED3BD8 /* WebViewController.swift */; };
		F983DA521AB8ADCF00A3B4E2 /* DetailViewController.swift in Sources */ = {isa = PBXBuildFile; fileRef = F983DA511AB8ADCF00A3B4E2 /* DetailViewController.swift */; };
		F987BA171AA7C720008FDD56 /* AppDelegate.swift in Sources */ = {isa = PBXBuildFile; fileRef = F987BA161AA7C720008FDD56 /* AppDelegate.swift */; };
		F987BA191AA7C720008FDD56 /* HomeTab.swift in Sources */ = {isa = PBXBuildFile; fileRef = F987BA181AA7C720008FDD56 /* HomeTab.swift */; };
		F987BA1C1AA7C720008FDD56 /* Main.storyboard in Resources */ = {isa = PBXBuildFile; fileRef = F987BA1A1AA7C720008FDD56 /* Main.storyboard */; };
		F987BA1E1AA7C720008FDD56 /* Images.xcassets in Resources */ = {isa = PBXBuildFile; fileRef = F987BA1D1AA7C720008FDD56 /* Images.xcassets */; };
		F987BA211AA7C720008FDD56 /* LaunchScreen.xib in Resources */ = {isa = PBXBuildFile; fileRef = F987BA1F1AA7C720008FDD56 /* LaunchScreen.xib */; };
		F987BA2D1AA7C721008FDD56 /* HearHereAppTests.swift in Sources */ = {isa = PBXBuildFile; fileRef = F987BA2C1AA7C721008FDD56 /* HearHereAppTests.swift */; };
		F987BA371AA7C7F7008FDD56 /* MapKit.framework in Frameworks */ = {isa = PBXBuildFile; fileRef = F987BA361AA7C7F7008FDD56 /* MapKit.framework */; };
		F987BA391AA7C7FD008FDD56 /* EventKit.framework in Frameworks */ = {isa = PBXBuildFile; fileRef = F987BA381AA7C7FD008FDD56 /* EventKit.framework */; };
		F995C3E41AA91CA300F6EC88 /* TabBarController.swift in Sources */ = {isa = PBXBuildFile; fileRef = F995C3E31AA91CA300F6EC88 /* TabBarController.swift */; };
		F995C3E81AA91D4D00F6EC88 /* SignUpViewController.swift in Sources */ = {isa = PBXBuildFile; fileRef = F995C3E71AA91D4D00F6EC88 /* SignUpViewController.swift */; };
		F995C3EA1AA91D6500F6EC88 /* SignInViewController.swift in Sources */ = {isa = PBXBuildFile; fileRef = F995C3E91AA91D6500F6EC88 /* SignInViewController.swift */; };
		F9CF09721AA7E179005E28F7 /* CalendarTab.swift in Sources */ = {isa = PBXBuildFile; fileRef = F9CF09711AA7E179005E28F7 /* CalendarTab.swift */; };
		F9CF09761AA7E1A1005E28F7 /* ProfileTab.swift in Sources */ = {isa = PBXBuildFile; fileRef = F9CF09751AA7E1A1005E28F7 /* ProfileTab.swift */; };
/* End PBXBuildFile section */

/* Begin PBXContainerItemProxy section */
		F987BA271AA7C721008FDD56 /* PBXContainerItemProxy */ = {
			isa = PBXContainerItemProxy;
			containerPortal = F987BA091AA7C720008FDD56 /* Project object */;
			proxyType = 1;
			remoteGlobalIDString = F987BA101AA7C720008FDD56;
			remoteInfo = HearHereApp;
		};
/* End PBXContainerItemProxy section */

/* Begin PBXFileReference section */
		4609CC371AA974AF00D2E70D /* DataManager.swift */ = {isa = PBXFileReference; fileEncoding = 4; lastKnownFileType = sourcecode.swift; path = DataManager.swift; sourceTree = "<group>"; };
		4609CC391AA974E200D2E70D /* Configuration.swift */ = {isa = PBXFileReference; fileEncoding = 4; lastKnownFileType = sourcecode.swift; path = Configuration.swift; sourceTree = "<group>"; };
		4609CC3B1AA9758A00D2E70D /* Parse.framework */ = {isa = PBXFileReference; lastKnownFileType = wrapper.framework; path = Parse.framework; sourceTree = "<group>"; };
		4609CC3D1AA9759600D2E70D /* Bolts.framework */ = {isa = PBXFileReference; lastKnownFileType = wrapper.framework; path = Bolts.framework; sourceTree = "<group>"; };
		4609CC3F1AA9761100D2E70D /* AudioToolbox.framework */ = {isa = PBXFileReference; lastKnownFileType = wrapper.framework; name = AudioToolbox.framework; path = System/Library/Frameworks/AudioToolbox.framework; sourceTree = SDKROOT; };
		4609CC401AA9761100D2E70D /* CFNetwork.framework */ = {isa = PBXFileReference; lastKnownFileType = wrapper.framework; name = CFNetwork.framework; path = System/Library/Frameworks/CFNetwork.framework; sourceTree = SDKROOT; };
		4609CC411AA9761100D2E70D /* CoreGraphics.framework */ = {isa = PBXFileReference; lastKnownFileType = wrapper.framework; name = CoreGraphics.framework; path = System/Library/Frameworks/CoreGraphics.framework; sourceTree = SDKROOT; };
		4609CC421AA9761100D2E70D /* CoreLocation.framework */ = {isa = PBXFileReference; lastKnownFileType = wrapper.framework; name = CoreLocation.framework; path = System/Library/Frameworks/CoreLocation.framework; sourceTree = SDKROOT; };
		4609CC431AA9761100D2E70D /* libsqlite3.dylib */ = {isa = PBXFileReference; lastKnownFileType = "compiled.mach-o.dylib"; name = libsqlite3.dylib; path = usr/lib/libsqlite3.dylib; sourceTree = SDKROOT; };
		4609CC441AA9761100D2E70D /* libz.dylib */ = {isa = PBXFileReference; lastKnownFileType = "compiled.mach-o.dylib"; name = libz.dylib; path = usr/lib/libz.dylib; sourceTree = SDKROOT; };
		4609CC451AA9761100D2E70D /* MobileCoreServices.framework */ = {isa = PBXFileReference; lastKnownFileType = wrapper.framework; name = MobileCoreServices.framework; path = System/Library/Frameworks/MobileCoreServices.framework; sourceTree = SDKROOT; };
		4609CC461AA9761100D2E70D /* QuartzCore.framework */ = {isa = PBXFileReference; lastKnownFileType = wrapper.framework; name = QuartzCore.framework; path = System/Library/Frameworks/QuartzCore.framework; sourceTree = SDKROOT; };
		4609CC471AA9761100D2E70D /* Security.framework */ = {isa = PBXFileReference; lastKnownFileType = wrapper.framework; name = Security.framework; path = System/Library/Frameworks/Security.framework; sourceTree = SDKROOT; };
		4609CC481AA9761100D2E70D /* StoreKit.framework */ = {isa = PBXFileReference; lastKnownFileType = wrapper.framework; name = StoreKit.framework; path = System/Library/Frameworks/StoreKit.framework; sourceTree = SDKROOT; };
		4609CC491AA9761100D2E70D /* SystemConfiguration.framework */ = {isa = PBXFileReference; lastKnownFileType = wrapper.framework; name = SystemConfiguration.framework; path = System/Library/Frameworks/SystemConfiguration.framework; sourceTree = SDKROOT; };
		466A27711AAA163700AB6BB5 /* TagListView.swift */ = {isa = PBXFileReference; fileEncoding = 4; lastKnownFileType = sourcecode.swift; path = TagListView.swift; sourceTree = "<group>"; };
		466A27721AAA163700AB6BB5 /* TagView.swift */ = {isa = PBXFileReference; fileEncoding = 4; lastKnownFileType = sourcecode.swift; path = TagView.swift; sourceTree = "<group>"; };
		466A27751AAA20AE00AB6BB5 /* TagsViewController.swift */ = {isa = PBXFileReference; fileEncoding = 4; lastKnownFileType = sourcecode.swift; path = TagsViewController.swift; sourceTree = "<group>"; };
		466A278A1AAA851200AB6BB5 /* SearchView.swift */ = {isa = PBXFileReference; fileEncoding = 4; lastKnownFileType = sourcecode.swift; path = SearchView.swift; sourceTree = "<group>"; };
		466CB3871ABD0FBD00AB53C3 /* SignInAlertView.swift */ = {isa = PBXFileReference; fileEncoding = 4; lastKnownFileType = sourcecode.swift; path = SignInAlertView.swift; sourceTree = "<group>"; };
		466CB3891ABDFDE600AB53C3 /* Cache.swift */ = {isa = PBXFileReference; fileEncoding = 4; lastKnownFileType = sourcecode.swift; path = Cache.swift; sourceTree = "<group>"; };
		466CB3901ABE36FC00AB53C3 /* EmailContactViewController.swift */ = {isa = PBXFileReference; fileEncoding = 4; lastKnownFileType = sourcecode.swift; path = EmailContactViewController.swift; sourceTree = "<group>"; };
		466CC8921AB8C640002FE4F0 /* MapTab.swift */ = {isa = PBXFileReference; fileEncoding = 4; lastKnownFileType = sourcecode.swift; path = MapTab.swift; sourceTree = "<group>"; };
		46795D741AB7D30300D504F6 /* Artist.swift */ = {isa = PBXFileReference; fileEncoding = 4; lastKnownFileType = sourcecode.swift; path = Artist.swift; sourceTree = "<group>"; };
		4693CDCC1AB7D69100DCBA29 /* Venue.swift */ = {isa = PBXFileReference; fileEncoding = 4; lastKnownFileType = sourcecode.swift; name = Venue.swift; path = ../Venue.swift; sourceTree = "<group>"; };
		4693CDCF1AB7D6B800DCBA29 /* Category.swift */ = {isa = PBXFileReference; fileEncoding = 4; lastKnownFileType = sourcecode.swift; path = Category.swift; sourceTree = "<group>"; };
		4693CDD01AB7D6B800DCBA29 /* Event.swift */ = {isa = PBXFileReference; fileEncoding = 4; lastKnownFileType = sourcecode.swift; path = Event.swift; sourceTree = "<group>"; };
		4693CDD11AB7D6B800DCBA29 /* Model.swift */ = {isa = PBXFileReference; fileEncoding = 4; lastKnownFileType = sourcecode.swift; path = Model.swift; sourceTree = "<group>"; };
		4693CDD21AB7D6B800DCBA29 /* User.swift */ = {isa = PBXFileReference; fileEncoding = 4; lastKnownFileType = sourcecode.swift; path = User.swift; sourceTree = "<group>"; };
		4693CDD81AB7D71500DCBA29 /* UserRouter.swift */ = {isa = PBXFileReference; fileEncoding = 4; lastKnownFileType = sourcecode.swift; path = UserRouter.swift; sourceTree = "<group>"; };
		4693CDDA1AB7D7B300DCBA29 /* ClassRouter.swift */ = {isa = PBXFileReference; fileEncoding = 4; lastKnownFileType = sourcecode.swift; path = ClassRouter.swift; sourceTree = "<group>"; };
		4693CDE01AB7D85300DCBA29 /* FilterPopoverViewController.swift */ = {isa = PBXFileReference; fileEncoding = 4; lastKnownFileType = sourcecode.swift; path = FilterPopoverViewController.swift; sourceTree = "<group>"; };
		4693CDE11AB7D85300DCBA29 /* FriendsTableViewController.swift */ = {isa = PBXFileReference; fileEncoding = 4; lastKnownFileType = sourcecode.swift; path = FriendsTableViewController.swift; sourceTree = "<group>"; };
		4693CDE41AB7D88E00DCBA29 /* EventDetailViewController.swift */ = {isa = PBXFileReference; fileEncoding = 4; lastKnownFileType = sourcecode.swift; path = EventDetailViewController.swift; sourceTree = "<group>"; };
		4693CDE61AB7D8CB00DCBA29 /* FriendsTableViewCell.swift */ = {isa = PBXFileReference; fileEncoding = 4; lastKnownFileType = sourcecode.swift; path = FriendsTableViewCell.swift; sourceTree = "<group>"; };
		4693CDE81AB7D8E000DCBA29 /* HearHereApp-Bridging-Header.h */ = {isa = PBXFileReference; lastKnownFileType = sourcecode.c.h; path = "HearHereApp-Bridging-Header.h"; sourceTree = "<group>"; };
		4693CDE91AB7DA8400DCBA29 /* Social.framework */ = {isa = PBXFileReference; lastKnownFileType = wrapper.framework; name = Social.framework; path = System/Library/Frameworks/Social.framework; sourceTree = SDKROOT; };
		4693CDEB1AB7DAF100DCBA29 /* Accounts.framework */ = {isa = PBXFileReference; lastKnownFileType = wrapper.framework; name = Accounts.framework; path = System/Library/Frameworks/Accounts.framework; sourceTree = SDKROOT; };
		8C8AD432332D880D7D80C003 /* Pods_HearHereApp.framework */ = {isa = PBXFileReference; explicitFileType = wrapper.framework; includeInIndex = 0; path = Pods_HearHereApp.framework; sourceTree = BUILT_PRODUCTS_DIR; };
		B8B9356BC75010A63BEC81EA /* Pods-HearHereApp.debug.xcconfig */ = {isa = PBXFileReference; includeInIndex = 1; lastKnownFileType = text.xcconfig; name = "Pods-HearHereApp.debug.xcconfig"; path = "Pods/Target Support Files/Pods-HearHereApp/Pods-HearHereApp.debug.xcconfig"; sourceTree = "<group>"; };
		BAAAE57C5227C7DA602ECC76 /* Pods-HearHereApp.release.xcconfig */ = {isa = PBXFileReference; includeInIndex = 1; lastKnownFileType = text.xcconfig; name = "Pods-HearHereApp.release.xcconfig"; path = "Pods/Target Support Files/Pods-HearHereApp/Pods-HearHereApp.release.xcconfig"; sourceTree = "<group>"; };
		DB695B0A1ABF303D00B53713 /* CalendarCollectionViewCell.swift */ = {isa = PBXFileReference; fileEncoding = 4; lastKnownFileType = sourcecode.swift; path = CalendarCollectionViewCell.swift; sourceTree = "<group>"; };
		DB695B0C1ABF304700B53713 /* CalendarHeaderReusableView.swift */ = {isa = PBXFileReference; fileEncoding = 4; lastKnownFileType = sourcecode.swift; path = CalendarHeaderReusableView.swift; sourceTree = "<group>"; };
		DB695B0E1ABF305600B53713 /* DateConverter.swift */ = {isa = PBXFileReference; fileEncoding = 4; lastKnownFileType = sourcecode.swift; path = DateConverter.swift; sourceTree = "<group>"; };
		DB695B0F1ABF305600B53713 /* DateGenerator.swift */ = {isa = PBXFileReference; fileEncoding = 4; lastKnownFileType = sourcecode.swift; path = DateGenerator.swift; sourceTree = "<group>"; };
		DB695B121ABF30EE00B53713 /* StickyHeaderFlowLayout.swift */ = {isa = PBXFileReference; fileEncoding = 4; lastKnownFileType = sourcecode.swift; path = StickyHeaderFlowLayout.swift; sourceTree = "<group>"; };
		DBD31EB11AB35CAA00B03CAA /* HomeTableViewCell.swift */ = {isa = PBXFileReference; fileEncoding = 4; lastKnownFileType = sourcecode.swift; path = HomeTableViewCell.swift; sourceTree = "<group>"; };
		DBD31EB31AB3663900B03CAA /* CalendarTableViewCell.swift */ = {isa = PBXFileReference; fileEncoding = 4; lastKnownFileType = sourcecode.swift; path = CalendarTableViewCell.swift; sourceTree = "<group>"; };
		F93271A11ABF63EE00B1F0DE /* MapButton.swift */ = {isa = PBXFileReference; fileEncoding = 4; lastKnownFileType = sourcecode.swift; path = MapButton.swift; sourceTree = "<group>"; };
		F93271A31ABF715800B1F0DE /* MapAnnotation.swift */ = {isa = PBXFileReference; fileEncoding = 4; lastKnownFileType = sourcecode.swift; path = MapAnnotation.swift; sourceTree = "<group>"; };
		F93A26D01AAB6D9C00ED3BD8 /* WebViewController.swift */ = {isa = PBXFileReference; fileEncoding = 4; lastKnownFileType = sourcecode.swift; path = WebViewController.swift; sourceTree = "<group>"; };
		F983DA511AB8ADCF00A3B4E2 /* DetailViewController.swift */ = {isa = PBXFileReference; fileEncoding = 4; lastKnownFileType = sourcecode.swift; path = DetailViewController.swift; sourceTree = "<group>"; };
		F987BA111AA7C720008FDD56 /* HearHereApp.app */ = {isa = PBXFileReference; explicitFileType = wrapper.application; includeInIndex = 0; path = HearHereApp.app; sourceTree = BUILT_PRODUCTS_DIR; };
		F987BA151AA7C720008FDD56 /* Info.plist */ = {isa = PBXFileReference; lastKnownFileType = text.plist.xml; path = Info.plist; sourceTree = "<group>"; };
		F987BA161AA7C720008FDD56 /* AppDelegate.swift */ = {isa = PBXFileReference; lastKnownFileType = sourcecode.swift; path = AppDelegate.swift; sourceTree = "<group>"; };
		F987BA181AA7C720008FDD56 /* HomeTab.swift */ = {isa = PBXFileReference; lastKnownFileType = sourcecode.swift; path = HomeTab.swift; sourceTree = "<group>"; };
		F987BA1B1AA7C720008FDD56 /* Base */ = {isa = PBXFileReference; lastKnownFileType = file.storyboard; name = Base; path = Base.lproj/Main.storyboard; sourceTree = "<group>"; };
		F987BA1D1AA7C720008FDD56 /* Images.xcassets */ = {isa = PBXFileReference; lastKnownFileType = folder.assetcatalog; path = Images.xcassets; sourceTree = "<group>"; };
		F987BA201AA7C720008FDD56 /* Base */ = {isa = PBXFileReference; lastKnownFileType = file.xib; name = Base; path = Base.lproj/LaunchScreen.xib; sourceTree = "<group>"; };
		F987BA261AA7C721008FDD56 /* HearHereAppTests.xctest */ = {isa = PBXFileReference; explicitFileType = wrapper.cfbundle; includeInIndex = 0; path = HearHereAppTests.xctest; sourceTree = BUILT_PRODUCTS_DIR; };
		F987BA2B1AA7C721008FDD56 /* Info.plist */ = {isa = PBXFileReference; lastKnownFileType = text.plist.xml; path = Info.plist; sourceTree = "<group>"; };
		F987BA2C1AA7C721008FDD56 /* HearHereAppTests.swift */ = {isa = PBXFileReference; lastKnownFileType = sourcecode.swift; path = HearHereAppTests.swift; sourceTree = "<group>"; };
		F987BA361AA7C7F7008FDD56 /* MapKit.framework */ = {isa = PBXFileReference; lastKnownFileType = wrapper.framework; name = MapKit.framework; path = System/Library/Frameworks/MapKit.framework; sourceTree = SDKROOT; };
		F987BA381AA7C7FD008FDD56 /* EventKit.framework */ = {isa = PBXFileReference; lastKnownFileType = wrapper.framework; name = EventKit.framework; path = System/Library/Frameworks/EventKit.framework; sourceTree = SDKROOT; };
		F995C3E31AA91CA300F6EC88 /* TabBarController.swift */ = {isa = PBXFileReference; fileEncoding = 4; lastKnownFileType = sourcecode.swift; name = TabBarController.swift; path = ../TabBarController.swift; sourceTree = "<group>"; };
		F995C3E71AA91D4D00F6EC88 /* SignUpViewController.swift */ = {isa = PBXFileReference; fileEncoding = 4; lastKnownFileType = sourcecode.swift; path = SignUpViewController.swift; sourceTree = "<group>"; };
		F995C3E91AA91D6500F6EC88 /* SignInViewController.swift */ = {isa = PBXFileReference; fileEncoding = 4; lastKnownFileType = sourcecode.swift; path = SignInViewController.swift; sourceTree = "<group>"; };
		F9CF09711AA7E179005E28F7 /* CalendarTab.swift */ = {isa = PBXFileReference; fileEncoding = 4; lastKnownFileType = sourcecode.swift; path = CalendarTab.swift; sourceTree = "<group>"; };
		F9CF09751AA7E1A1005E28F7 /* ProfileTab.swift */ = {isa = PBXFileReference; fileEncoding = 4; lastKnownFileType = sourcecode.swift; path = ProfileTab.swift; sourceTree = "<group>"; };
/* End PBXFileReference section */

/* Begin PBXFrameworksBuildPhase section */
		F987BA0E1AA7C720008FDD56 /* Frameworks */ = {
			isa = PBXFrameworksBuildPhase;
			buildActionMask = 2147483647;
			files = (
				4693CDEC1AB7DAF100DCBA29 /* Accounts.framework in Frameworks */,
				4693CDEA1AB7DA8400DCBA29 /* Social.framework in Frameworks */,
				4609CC4A1AA9761100D2E70D /* AudioToolbox.framework in Frameworks */,
				4609CC4B1AA9761100D2E70D /* CFNetwork.framework in Frameworks */,
				4609CC4C1AA9761100D2E70D /* CoreGraphics.framework in Frameworks */,
				4609CC4D1AA9761100D2E70D /* CoreLocation.framework in Frameworks */,
				4609CC4E1AA9761100D2E70D /* libsqlite3.dylib in Frameworks */,
				4609CC4F1AA9761100D2E70D /* libz.dylib in Frameworks */,
				4609CC501AA9761100D2E70D /* MobileCoreServices.framework in Frameworks */,
				4609CC511AA9761100D2E70D /* QuartzCore.framework in Frameworks */,
				4609CC521AA9761100D2E70D /* Security.framework in Frameworks */,
				4609CC531AA9761100D2E70D /* StoreKit.framework in Frameworks */,
				4609CC541AA9761100D2E70D /* SystemConfiguration.framework in Frameworks */,
				F987BA391AA7C7FD008FDD56 /* EventKit.framework in Frameworks */,
				4609CC3C1AA9758A00D2E70D /* Parse.framework in Frameworks */,
				F987BA371AA7C7F7008FDD56 /* MapKit.framework in Frameworks */,
				4609CC3E1AA9759600D2E70D /* Bolts.framework in Frameworks */,
				D01156F0B0CE6B18EB1296D8 /* Pods_HearHereApp.framework in Frameworks */,
			);
			runOnlyForDeploymentPostprocessing = 0;
		};
		F987BA231AA7C721008FDD56 /* Frameworks */ = {
			isa = PBXFrameworksBuildPhase;
			buildActionMask = 2147483647;
			files = (
			);
			runOnlyForDeploymentPostprocessing = 0;
		};
/* End PBXFrameworksBuildPhase section */

/* Begin PBXGroup section */
		0B7D3E32E6A94AEAA3A430BA /* Pods */ = {
			isa = PBXGroup;
			children = (
				B8B9356BC75010A63BEC81EA /* Pods-HearHereApp.debug.xcconfig */,
				BAAAE57C5227C7DA602ECC76 /* Pods-HearHereApp.release.xcconfig */,
			);
			name = Pods;
			sourceTree = "<group>";
		};
		4609CC301AA9716100D2E70D /* Frameworks */ = {
			isa = PBXGroup;
			children = (
				4693CDEB1AB7DAF100DCBA29 /* Accounts.framework */,
				4693CDE91AB7DA8400DCBA29 /* Social.framework */,
				4609CC3F1AA9761100D2E70D /* AudioToolbox.framework */,
				4609CC401AA9761100D2E70D /* CFNetwork.framework */,
				4609CC411AA9761100D2E70D /* CoreGraphics.framework */,
				4609CC421AA9761100D2E70D /* CoreLocation.framework */,
				4609CC431AA9761100D2E70D /* libsqlite3.dylib */,
				4609CC441AA9761100D2E70D /* libz.dylib */,
				4609CC451AA9761100D2E70D /* MobileCoreServices.framework */,
				4609CC461AA9761100D2E70D /* QuartzCore.framework */,
				4609CC471AA9761100D2E70D /* Security.framework */,
				4609CC481AA9761100D2E70D /* StoreKit.framework */,
				4609CC491AA9761100D2E70D /* SystemConfiguration.framework */,
				4609CC3D1AA9759600D2E70D /* Bolts.framework */,
				4609CC3B1AA9758A00D2E70D /* Parse.framework */,
				F987BA381AA7C7FD008FDD56 /* EventKit.framework */,
				F987BA361AA7C7F7008FDD56 /* MapKit.framework */,
				8C8AD432332D880D7D80C003 /* Pods_HearHereApp.framework */,
			);
			name = Frameworks;
			sourceTree = "<group>";
		};
		4609CC331AA9732C00D2E70D /* Controllers */ = {
			isa = PBXGroup;
			children = (
				466CB3901ABE36FC00AB53C3 /* EmailContactViewController.swift */,
				F987BA181AA7C720008FDD56 /* HomeTab.swift */,
				4693CDE01AB7D85300DCBA29 /* FilterPopoverViewController.swift */,
				4693CDE11AB7D85300DCBA29 /* FriendsTableViewController.swift */,
				F9CF09711AA7E179005E28F7 /* CalendarTab.swift */,
				F9CF09751AA7E1A1005E28F7 /* ProfileTab.swift */,
				F995C3E31AA91CA300F6EC88 /* TabBarController.swift */,
				DB695B121ABF30EE00B53713 /* StickyHeaderFlowLayout.swift */,
				466CC8921AB8C640002FE4F0 /* MapTab.swift */,
				F93271A31ABF715800B1F0DE /* MapAnnotation.swift */,
				F93271A11ABF63EE00B1F0DE /* MapButton.swift */,
				DB695B0E1ABF305600B53713 /* DateConverter.swift */,
				DB695B0F1ABF305600B53713 /* DateGenerator.swift */,
				F995C3E91AA91D6500F6EC88 /* SignInViewController.swift */,
				F995C3E71AA91D4D00F6EC88 /* SignUpViewController.swift */,
				466A27751AAA20AE00AB6BB5 /* TagsViewController.swift */,
				4693CDE41AB7D88E00DCBA29 /* EventDetailViewController.swift */,
				F983DA511AB8ADCF00A3B4E2 /* DetailViewController.swift */,
				F93A26D01AAB6D9C00ED3BD8 /* WebViewController.swift */,
			);
			name = Controllers;
			sourceTree = "<group>";
		};
		4609CC361AA9744F00D2E70D /* Models */ = {
			isa = PBXGroup;
			children = (
				4693CDD11AB7D6B800DCBA29 /* Model.swift */,
				4693CDD21AB7D6B800DCBA29 /* User.swift */,
				466CB3871ABD0FBD00AB53C3 /* SignInAlertView.swift */,
				46795D741AB7D30300D504F6 /* Artist.swift */,
				4693CDCF1AB7D6B800DCBA29 /* Category.swift */,
				4693CDCC1AB7D69100DCBA29 /* Venue.swift */,
				4693CDD01AB7D6B800DCBA29 /* Event.swift */,
				4693CDDA1AB7D7B300DCBA29 /* ClassRouter.swift */,
				4693CDD81AB7D71500DCBA29 /* UserRouter.swift */,
				4609CC371AA974AF00D2E70D /* DataManager.swift */,
				466CB3891ABDFDE600AB53C3 /* Cache.swift */,
			);
			name = Models;
			sourceTree = "<group>";
		};
		4609CC551AA979B500D2E70D /* Views */ = {
			isa = PBXGroup;
			children = (
				466A278A1AAA851200AB6BB5 /* SearchView.swift */,
				466A27721AAA163700AB6BB5 /* TagView.swift */,
				466A27711AAA163700AB6BB5 /* TagListView.swift */,
				DB695B0A1ABF303D00B53713 /* CalendarCollectionViewCell.swift */,
				DB695B0C1ABF304700B53713 /* CalendarHeaderReusableView.swift */,
				DBD31EB11AB35CAA00B03CAA /* HomeTableViewCell.swift */,
				DBD31EB31AB3663900B03CAA /* CalendarTableViewCell.swift */,
				4693CDE61AB7D8CB00DCBA29 /* FriendsTableViewCell.swift */,
			);
			name = Views;
			sourceTree = "<group>";
		};
		F987BA081AA7C720008FDD56 = {
			isa = PBXGroup;
			children = (
				F987BA131AA7C720008FDD56 /* HearHereApp */,
				F987BA291AA7C721008FDD56 /* HearHereAppTests */,
				F987BA121AA7C720008FDD56 /* Products */,
				4609CC301AA9716100D2E70D /* Frameworks */,
				0B7D3E32E6A94AEAA3A430BA /* Pods */,
			);
			sourceTree = "<group>";
		};
		F987BA121AA7C720008FDD56 /* Products */ = {
			isa = PBXGroup;
			children = (
				F987BA111AA7C720008FDD56 /* HearHereApp.app */,
				F987BA261AA7C721008FDD56 /* HearHereAppTests.xctest */,
			);
			name = Products;
			sourceTree = "<group>";
		};
		F987BA131AA7C720008FDD56 /* HearHereApp */ = {
			isa = PBXGroup;
			children = (
				4609CC551AA979B500D2E70D /* Views */,
				4609CC361AA9744F00D2E70D /* Models */,
				4609CC331AA9732C00D2E70D /* Controllers */,
				F987BA1A1AA7C720008FDD56 /* Main.storyboard */,
				F987BA141AA7C720008FDD56 /* Supporting Files */,
			);
			path = HearHereApp;
			sourceTree = "<group>";
		};
		F987BA141AA7C720008FDD56 /* Supporting Files */ = {
			isa = PBXGroup;
			children = (
				4693CDE81AB7D8E000DCBA29 /* HearHereApp-Bridging-Header.h */,
				4609CC391AA974E200D2E70D /* Configuration.swift */,
				F987BA161AA7C720008FDD56 /* AppDelegate.swift */,
				F987BA1F1AA7C720008FDD56 /* LaunchScreen.xib */,
				F987BA1D1AA7C720008FDD56 /* Images.xcassets */,
				F987BA151AA7C720008FDD56 /* Info.plist */,
			);
			name = "Supporting Files";
			sourceTree = "<group>";
		};
		F987BA291AA7C721008FDD56 /* HearHereAppTests */ = {
			isa = PBXGroup;
			children = (
				F987BA2C1AA7C721008FDD56 /* HearHereAppTests.swift */,
				F987BA2A1AA7C721008FDD56 /* Supporting Files */,
			);
			path = HearHereAppTests;
			sourceTree = "<group>";
		};
		F987BA2A1AA7C721008FDD56 /* Supporting Files */ = {
			isa = PBXGroup;
			children = (
				F987BA2B1AA7C721008FDD56 /* Info.plist */,
			);
			name = "Supporting Files";
			sourceTree = "<group>";
		};
/* End PBXGroup section */

/* Begin PBXNativeTarget section */
		F987BA101AA7C720008FDD56 /* HearHereApp */ = {
			isa = PBXNativeTarget;
			buildConfigurationList = F987BA301AA7C721008FDD56 /* Build configuration list for PBXNativeTarget "HearHereApp" */;
			buildPhases = (
				DFC732973EA732C8CA3DD542 /* Check Pods Manifest.lock */,
				F987BA0D1AA7C720008FDD56 /* Sources */,
				F987BA0E1AA7C720008FDD56 /* Frameworks */,
				F987BA0F1AA7C720008FDD56 /* Resources */,
				155C6CC2F2575881FB1B8B76 /* Embed Pods Frameworks */,
				100B4C0DBA4E0B8379E78972 /* Copy Pods Resources */,
			);
			buildRules = (
			);
			dependencies = (
			);
			name = HearHereApp;
			productName = HearHereApp;
			productReference = F987BA111AA7C720008FDD56 /* HearHereApp.app */;
			productType = "com.apple.product-type.application";
		};
		F987BA251AA7C721008FDD56 /* HearHereAppTests */ = {
			isa = PBXNativeTarget;
			buildConfigurationList = F987BA331AA7C721008FDD56 /* Build configuration list for PBXNativeTarget "HearHereAppTests" */;
			buildPhases = (
				F987BA221AA7C721008FDD56 /* Sources */,
				F987BA231AA7C721008FDD56 /* Frameworks */,
				F987BA241AA7C721008FDD56 /* Resources */,
			);
			buildRules = (
			);
			dependencies = (
				F987BA281AA7C721008FDD56 /* PBXTargetDependency */,
			);
			name = HearHereAppTests;
			productName = HearHereAppTests;
			productReference = F987BA261AA7C721008FDD56 /* HearHereAppTests.xctest */;
			productType = "com.apple.product-type.bundle.unit-test";
		};
/* End PBXNativeTarget section */

/* Begin PBXProject section */
		F987BA091AA7C720008FDD56 /* Project object */ = {
			isa = PBXProject;
			attributes = {
				LastUpgradeCheck = 0610;
				ORGANIZATIONNAME = LXing;
				TargetAttributes = {
					F987BA101AA7C720008FDD56 = {
						CreatedOnToolsVersion = 6.1.1;
					};
					F987BA251AA7C721008FDD56 = {
						CreatedOnToolsVersion = 6.1.1;
						TestTargetID = F987BA101AA7C720008FDD56;
					};
				};
			};
			buildConfigurationList = F987BA0C1AA7C720008FDD56 /* Build configuration list for PBXProject "HearHereApp" */;
			compatibilityVersion = "Xcode 3.2";
			developmentRegion = English;
			hasScannedForEncodings = 0;
			knownRegions = (
				en,
				Base,
			);
			mainGroup = F987BA081AA7C720008FDD56;
			productRefGroup = F987BA121AA7C720008FDD56 /* Products */;
			projectDirPath = "";
			projectRoot = "";
			targets = (
				F987BA101AA7C720008FDD56 /* HearHereApp */,
				F987BA251AA7C721008FDD56 /* HearHereAppTests */,
			);
		};
/* End PBXProject section */

/* Begin PBXResourcesBuildPhase section */
		F987BA0F1AA7C720008FDD56 /* Resources */ = {
			isa = PBXResourcesBuildPhase;
			buildActionMask = 2147483647;
			files = (
				F987BA1C1AA7C720008FDD56 /* Main.storyboard in Resources */,
				F987BA211AA7C720008FDD56 /* LaunchScreen.xib in Resources */,
				F987BA1E1AA7C720008FDD56 /* Images.xcassets in Resources */,
			);
			runOnlyForDeploymentPostprocessing = 0;
		};
		F987BA241AA7C721008FDD56 /* Resources */ = {
			isa = PBXResourcesBuildPhase;
			buildActionMask = 2147483647;
			files = (
			);
			runOnlyForDeploymentPostprocessing = 0;
		};
/* End PBXResourcesBuildPhase section */

/* Begin PBXShellScriptBuildPhase section */
		100B4C0DBA4E0B8379E78972 /* Copy Pods Resources */ = {
			isa = PBXShellScriptBuildPhase;
			buildActionMask = 2147483647;
			files = (
			);
			inputPaths = (
			);
			name = "Copy Pods Resources";
			outputPaths = (
			);
			runOnlyForDeploymentPostprocessing = 0;
			shellPath = /bin/sh;
			shellScript = "\"${SRCROOT}/Pods/Target Support Files/Pods-HearHereApp/Pods-HearHereApp-resources.sh\"\n";
			showEnvVarsInLog = 0;
		};
		155C6CC2F2575881FB1B8B76 /* Embed Pods Frameworks */ = {
			isa = PBXShellScriptBuildPhase;
			buildActionMask = 2147483647;
			files = (
			);
			inputPaths = (
			);
			name = "Embed Pods Frameworks";
			outputPaths = (
			);
			runOnlyForDeploymentPostprocessing = 0;
			shellPath = /bin/sh;
			shellScript = "\"${SRCROOT}/Pods/Target Support Files/Pods-HearHereApp/Pods-HearHereApp-frameworks.sh\"\n";
			showEnvVarsInLog = 0;
		};
		DFC732973EA732C8CA3DD542 /* Check Pods Manifest.lock */ = {
			isa = PBXShellScriptBuildPhase;
			buildActionMask = 2147483647;
			files = (
			);
			inputPaths = (
			);
			name = "Check Pods Manifest.lock";
			outputPaths = (
			);
			runOnlyForDeploymentPostprocessing = 0;
			shellPath = /bin/sh;
			shellScript = "diff \"${PODS_ROOT}/../Podfile.lock\" \"${PODS_ROOT}/Manifest.lock\" > /dev/null\nif [[ $? != 0 ]] ; then\n    cat << EOM\nerror: The sandbox is not in sync with the Podfile.lock. Run 'pod install' or update your CocoaPods installation.\nEOM\n    exit 1\nfi\n";
			showEnvVarsInLog = 0;
		};
/* End PBXShellScriptBuildPhase section */

/* Begin PBXSourcesBuildPhase section */
		F987BA0D1AA7C720008FDD56 /* Sources */ = {
			isa = PBXSourcesBuildPhase;
			buildActionMask = 2147483647;
			files = (
				4693CDE51AB7D88E00DCBA29 /* EventDetailViewController.swift in Sources */,
				4693CDCD1AB7D69100DCBA29 /* Venue.swift in Sources */,
				4693CDE71AB7D8CB00DCBA29 /* FriendsTableViewCell.swift in Sources */,
				466CB38A1ABDFDE600AB53C3 /* Cache.swift in Sources */,
				F93A26D11AAB6D9C00ED3BD8 /* WebViewController.swift in Sources */,
				F9CF09761AA7E1A1005E28F7 /* ProfileTab.swift in Sources */,
				DB695B0D1ABF304700B53713 /* CalendarHeaderReusableView.swift in Sources */,
				F983DA521AB8ADCF00A3B4E2 /* DetailViewController.swift in Sources */,
				4693CDE21AB7D85300DCBA29 /* FilterPopoverViewController.swift in Sources */,
				F995C3E81AA91D4D00F6EC88 /* SignUpViewController.swift in Sources */,
				4693CDD61AB7D6B800DCBA29 /* Model.swift in Sources */,
				4693CDD71AB7D6B800DCBA29 /* User.swift in Sources */,
				466CB3911ABE36FC00AB53C3 /* EmailContactViewController.swift in Sources */,
				466CB3881ABD0FBD00AB53C3 /* SignInAlertView.swift in Sources */,
				DBD31EB41AB3663900B03CAA /* CalendarTableViewCell.swift in Sources */,
				4693CDD41AB7D6B800DCBA29 /* Category.swift in Sources */,
				4693CDD51AB7D6B800DCBA29 /* Event.swift in Sources */,
				F987BA191AA7C720008FDD56 /* HomeTab.swift in Sources */,
				DB695B111ABF305600B53713 /* DateGenerator.swift in Sources */,
				DBD31EB21AB35CAA00B03CAA /* HomeTableViewCell.swift in Sources */,
				F93271A21ABF63EE00B1F0DE /* MapButton.swift in Sources */,
				4693CDDB1AB7D7B300DCBA29 /* ClassRouter.swift in Sources */,
				DB695B101ABF305600B53713 /* DateConverter.swift in Sources */,
				F995C3E41AA91CA300F6EC88 /* TabBarController.swift in Sources */,
				4609CC3A1AA974E200D2E70D /* Configuration.swift in Sources */,
				4693CDE31AB7D85300DCBA29 /* FriendsTableViewController.swift in Sources */,
				DB695B0B1ABF303D00B53713 /* CalendarCollectionViewCell.swift in Sources */,
				466CC8931AB8C640002FE4F0 /* MapTab.swift in Sources */,
				46795D751AB7D30300D504F6 /* Artist.swift in Sources */,
				F995C3EA1AA91D6500F6EC88 /* SignInViewController.swift in Sources */,
				4609CC381AA974AF00D2E70D /* DataManager.swift in Sources */,
				F93271A41ABF715800B1F0DE /* MapAnnotation.swift in Sources */,
				466A27741AAA163700AB6BB5 /* TagView.swift in Sources */,
				DB695B131ABF30EE00B53713 /* StickyHeaderFlowLayout.swift in Sources */,
				466A27731AAA163700AB6BB5 /* TagListView.swift in Sources */,
				4693CDD91AB7D71500DCBA29 /* UserRouter.swift in Sources */,
				F9CF09721AA7E179005E28F7 /* CalendarTab.swift in Sources */,
				466A278B1AAA851200AB6BB5 /* SearchView.swift in Sources */,
				F987BA171AA7C720008FDD56 /* AppDelegate.swift in Sources */,
				466A27761AAA20AE00AB6BB5 /* TagsViewController.swift in Sources */,
			);
			runOnlyForDeploymentPostprocessing = 0;
		};
		F987BA221AA7C721008FDD56 /* Sources */ = {
			isa = PBXSourcesBuildPhase;
			buildActionMask = 2147483647;
			files = (
				F987BA2D1AA7C721008FDD56 /* HearHereAppTests.swift in Sources */,
			);
			runOnlyForDeploymentPostprocessing = 0;
		};
/* End PBXSourcesBuildPhase section */

/* Begin PBXTargetDependency section */
		F987BA281AA7C721008FDD56 /* PBXTargetDependency */ = {
			isa = PBXTargetDependency;
			target = F987BA101AA7C720008FDD56 /* HearHereApp */;
			targetProxy = F987BA271AA7C721008FDD56 /* PBXContainerItemProxy */;
		};
/* End PBXTargetDependency section */

/* Begin PBXVariantGroup section */
		F987BA1A1AA7C720008FDD56 /* Main.storyboard */ = {
			isa = PBXVariantGroup;
			children = (
				F987BA1B1AA7C720008FDD56 /* Base */,
			);
			name = Main.storyboard;
			sourceTree = "<group>";
		};
		F987BA1F1AA7C720008FDD56 /* LaunchScreen.xib */ = {
			isa = PBXVariantGroup;
			children = (
				F987BA201AA7C720008FDD56 /* Base */,
			);
			name = LaunchScreen.xib;
			sourceTree = "<group>";
		};
/* End PBXVariantGroup section */

/* Begin XCBuildConfiguration section */
		F987BA2E1AA7C721008FDD56 /* Debug */ = {
			isa = XCBuildConfiguration;
			buildSettings = {
				ALWAYS_SEARCH_USER_PATHS = NO;
				CLANG_CXX_LANGUAGE_STANDARD = "gnu++0x";
				CLANG_CXX_LIBRARY = "libc++";
				CLANG_ENABLE_MODULES = YES;
				CLANG_ENABLE_OBJC_ARC = YES;
				CLANG_WARN_BOOL_CONVERSION = YES;
				CLANG_WARN_CONSTANT_CONVERSION = YES;
				CLANG_WARN_DIRECT_OBJC_ISA_USAGE = YES_ERROR;
				CLANG_WARN_EMPTY_BODY = YES;
				CLANG_WARN_ENUM_CONVERSION = YES;
				CLANG_WARN_INT_CONVERSION = YES;
				CLANG_WARN_OBJC_ROOT_CLASS = YES_ERROR;
				CLANG_WARN_UNREACHABLE_CODE = YES;
				CLANG_WARN__DUPLICATE_METHOD_MATCH = YES;
				"CODE_SIGN_IDENTITY[sdk=iphoneos*]" = "iPhone Developer";
				COPY_PHASE_STRIP = NO;
				ENABLE_STRICT_OBJC_MSGSEND = YES;
				GCC_C_LANGUAGE_STANDARD = gnu99;
				GCC_DYNAMIC_NO_PIC = NO;
				GCC_OPTIMIZATION_LEVEL = 0;
				GCC_PREPROCESSOR_DEFINITIONS = (
					"DEBUG=1",
					"$(inherited)",
				);
				GCC_SYMBOLS_PRIVATE_EXTERN = NO;
				GCC_WARN_64_TO_32_BIT_CONVERSION = YES;
				GCC_WARN_ABOUT_RETURN_TYPE = YES_ERROR;
				GCC_WARN_UNDECLARED_SELECTOR = YES;
				GCC_WARN_UNINITIALIZED_AUTOS = YES_AGGRESSIVE;
				GCC_WARN_UNUSED_FUNCTION = YES;
				GCC_WARN_UNUSED_VARIABLE = YES;
				IPHONEOS_DEPLOYMENT_TARGET = 8.1;
				MTL_ENABLE_DEBUG_INFO = YES;
				ONLY_ACTIVE_ARCH = YES;
				SDKROOT = iphoneos;
				SWIFT_OPTIMIZATION_LEVEL = "-Onone";
			};
			name = Debug;
		};
		F987BA2F1AA7C721008FDD56 /* Release */ = {
			isa = XCBuildConfiguration;
			buildSettings = {
				ALWAYS_SEARCH_USER_PATHS = NO;
				CLANG_CXX_LANGUAGE_STANDARD = "gnu++0x";
				CLANG_CXX_LIBRARY = "libc++";
				CLANG_ENABLE_MODULES = YES;
				CLANG_ENABLE_OBJC_ARC = YES;
				CLANG_WARN_BOOL_CONVERSION = YES;
				CLANG_WARN_CONSTANT_CONVERSION = YES;
				CLANG_WARN_DIRECT_OBJC_ISA_USAGE = YES_ERROR;
				CLANG_WARN_EMPTY_BODY = YES;
				CLANG_WARN_ENUM_CONVERSION = YES;
				CLANG_WARN_INT_CONVERSION = YES;
				CLANG_WARN_OBJC_ROOT_CLASS = YES_ERROR;
				CLANG_WARN_UNREACHABLE_CODE = YES;
				CLANG_WARN__DUPLICATE_METHOD_MATCH = YES;
				"CODE_SIGN_IDENTITY[sdk=iphoneos*]" = "iPhone Developer";
				COPY_PHASE_STRIP = YES;
				ENABLE_NS_ASSERTIONS = NO;
				ENABLE_STRICT_OBJC_MSGSEND = YES;
				GCC_C_LANGUAGE_STANDARD = gnu99;
				GCC_WARN_64_TO_32_BIT_CONVERSION = YES;
				GCC_WARN_ABOUT_RETURN_TYPE = YES_ERROR;
				GCC_WARN_UNDECLARED_SELECTOR = YES;
				GCC_WARN_UNINITIALIZED_AUTOS = YES_AGGRESSIVE;
				GCC_WARN_UNUSED_FUNCTION = YES;
				GCC_WARN_UNUSED_VARIABLE = YES;
				IPHONEOS_DEPLOYMENT_TARGET = 8.1;
				MTL_ENABLE_DEBUG_INFO = NO;
				SDKROOT = iphoneos;
				VALIDATE_PRODUCT = YES;
			};
			name = Release;
		};
		F987BA311AA7C721008FDD56 /* Debug */ = {
			isa = XCBuildConfiguration;
			baseConfigurationReference = B8B9356BC75010A63BEC81EA /* Pods-HearHereApp.debug.xcconfig */;
			buildSettings = {
				ASSETCATALOG_COMPILER_APPICON_NAME = AppIcon;
				FRAMEWORK_SEARCH_PATHS = (
					"$(inherited)",
					"$(PROJECT_DIR)",
				);
				INFOPLIST_FILE = HearHereApp/Info.plist;
				LD_RUNPATH_SEARCH_PATHS = "$(inherited) @executable_path/Frameworks";
				PRODUCT_NAME = "$(TARGET_NAME)";
			};
			name = Debug;
		};
		F987BA321AA7C721008FDD56 /* Release */ = {
			isa = XCBuildConfiguration;
			baseConfigurationReference = BAAAE57C5227C7DA602ECC76 /* Pods-HearHereApp.release.xcconfig */;
			buildSettings = {
				ASSETCATALOG_COMPILER_APPICON_NAME = AppIcon;
				FRAMEWORK_SEARCH_PATHS = (
					"$(inherited)",
					"$(PROJECT_DIR)",
				);
				INFOPLIST_FILE = HearHereApp/Info.plist;
				LD_RUNPATH_SEARCH_PATHS = "$(inherited) @executable_path/Frameworks";
				PRODUCT_NAME = "$(TARGET_NAME)";
			};
			name = Release;
		};
		F987BA341AA7C721008FDD56 /* Debug */ = {
			isa = XCBuildConfiguration;
			buildSettings = {
				BUNDLE_LOADER = "$(TEST_HOST)";
				FRAMEWORK_SEARCH_PATHS = (
					"$(SDKROOT)/Developer/Library/Frameworks",
					"$(inherited)",
				);
				GCC_PREPROCESSOR_DEFINITIONS = (
					"DEBUG=1",
					"$(inherited)",
				);
				INFOPLIST_FILE = HearHereAppTests/Info.plist;
				LD_RUNPATH_SEARCH_PATHS = "$(inherited) @executable_path/Frameworks @loader_path/Frameworks";
				PRODUCT_NAME = "$(TARGET_NAME)";
				TEST_HOST = "$(BUILT_PRODUCTS_DIR)/HearHereApp.app/HearHereApp";
			};
			name = Debug;
		};
		F987BA351AA7C721008FDD56 /* Release */ = {
			isa = XCBuildConfiguration;
			buildSettings = {
				BUNDLE_LOADER = "$(TEST_HOST)";
				FRAMEWORK_SEARCH_PATHS = (
					"$(SDKROOT)/Developer/Library/Frameworks",
					"$(inherited)",
				);
				INFOPLIST_FILE = HearHereAppTests/Info.plist;
				LD_RUNPATH_SEARCH_PATHS = "$(inherited) @executable_path/Frameworks @loader_path/Frameworks";
				PRODUCT_NAME = "$(TARGET_NAME)";
				TEST_HOST = "$(BUILT_PRODUCTS_DIR)/HearHereApp.app/HearHereApp";
			};
			name = Release;
		};
/* End XCBuildConfiguration section */

/* Begin XCConfigurationList section */
		F987BA0C1AA7C720008FDD56 /* Build configuration list for PBXProject "HearHereApp" */ = {
			isa = XCConfigurationList;
			buildConfigurations = (
				F987BA2E1AA7C721008FDD56 /* Debug */,
				F987BA2F1AA7C721008FDD56 /* Release */,
			);
			defaultConfigurationIsVisible = 0;
			defaultConfigurationName = Release;
		};
		F987BA301AA7C721008FDD56 /* Build configuration list for PBXNativeTarget "HearHereApp" */ = {
			isa = XCConfigurationList;
			buildConfigurations = (
				F987BA311AA7C721008FDD56 /* Debug */,
				F987BA321AA7C721008FDD56 /* Release */,
			);
			defaultConfigurationIsVisible = 0;
			defaultConfigurationName = Release;
		};
		F987BA331AA7C721008FDD56 /* Build configuration list for PBXNativeTarget "HearHereAppTests" */ = {
			isa = XCConfigurationList;
			buildConfigurations = (
				F987BA341AA7C721008FDD56 /* Debug */,
				F987BA351AA7C721008FDD56 /* Release */,
			);
			defaultConfigurationIsVisible = 0;
			defaultConfigurationName = Release;
		};
/* End XCConfigurationList section */
	};
	rootObject = F987BA091AA7C720008FDD56 /* Project object */;
}
